// !$*UTF8*$!
{
	archiveVersion = 1;
	classes = {
	};
	objectVersion = 48;
	objects = {

/* Begin PBXBuildFile section */
		EF3DD3C52025BF3E00E04BC8 /* AppDelegate.swift in Sources */ = {isa = PBXBuildFile; fileRef = EF3DD3C42025BF3E00E04BC8 /* AppDelegate.swift */; };
		EF3DD3C72025BF3E00E04BC8 /* ViewController.swift in Sources */ = {isa = PBXBuildFile; fileRef = EF3DD3C62025BF3E00E04BC8 /* ViewController.swift */; };
		EF3DD3CA2025BF3E00E04BC8 /* Main.storyboard in Resources */ = {isa = PBXBuildFile; fileRef = EF3DD3C82025BF3E00E04BC8 /* Main.storyboard */; };
		EF3DD3CC2025BF3E00E04BC8 /* Assets.xcassets in Resources */ = {isa = PBXBuildFile; fileRef = EF3DD3CB2025BF3E00E04BC8 /* Assets.xcassets */; };
		EF3DD3CF2025BF3E00E04BC8 /* LaunchScreen.storyboard in Resources */ = {isa = PBXBuildFile; fileRef = EF3DD3CD2025BF3E00E04BC8 /* LaunchScreen.storyboard */; };
		EF3DD3DA2025BF3E00E04BC8 /* Assistant_EditorTests.swift in Sources */ = {isa = PBXBuildFile; fileRef = EF3DD3D92025BF3E00E04BC8 /* Assistant_EditorTests.swift */; };
		EF3DD3E52025BF3F00E04BC8 /* Assistant_EditorUITests.swift in Sources */ = {isa = PBXBuildFile; fileRef = EF3DD3E42025BF3F00E04BC8 /* Assistant_EditorUITests.swift */; };
/* End PBXBuildFile section */

/* Begin PBXContainerItemProxy section */
		EF3DD3D62025BF3E00E04BC8 /* PBXContainerItemProxy */ = {
			isa = PBXContainerItemProxy;
			containerPortal = EF3DD3B92025BF3E00E04BC8 /* Project object */;
			proxyType = 1;
			remoteGlobalIDString = EF3DD3C02025BF3E00E04BC8;
			remoteInfo = "Assistant Editor";
		};
		EF3DD3E12025BF3F00E04BC8 /* PBXContainerItemProxy */ = {
			isa = PBXContainerItemProxy;
			containerPortal = EF3DD3B92025BF3E00E04BC8 /* Project object */;
			proxyType = 1;
			remoteGlobalIDString = EF3DD3C02025BF3E00E04BC8;
			remoteInfo = "Assistant Editor";
		};
/* End PBXContainerItemProxy section */

/* Begin PBXFileReference section */
		EF3DD3C12025BF3E00E04BC8 /* Assistant Editor.app */ = {isa = PBXFileReference; explicitFileType = wrapper.application; includeInIndex = 0; path = "Assistant Editor.app"; sourceTree = BUILT_PRODUCTS_DIR; };
		EF3DD3C42025BF3E00E04BC8 /* AppDelegate.swift */ = {isa = PBXFileReference; lastKnownFileType = sourcecode.swift; path = AppDelegate.swift; sourceTree = "<group>"; };
		EF3DD3C62025BF3E00E04BC8 /* ViewController.swift */ = {isa = PBXFileReference; lastKnownFileType = sourcecode.swift; path = ViewController.swift; sourceTree = "<group>"; };
		EF3DD3C92025BF3E00E04BC8 /* Base */ = {isa = PBXFileReference; lastKnownFileType = file.storyboard; name = Base; path = Base.lproj/Main.storyboard; sourceTree = "<group>"; };
		EF3DD3CB2025BF3E00E04BC8 /* Assets.xcassets */ = {isa = PBXFileReference; lastKnownFileType = folder.assetcatalog; path = Assets.xcassets; sourceTree = "<group>"; };
		EF3DD3CE2025BF3E00E04BC8 /* Base */ = {isa = PBXFileReference; lastKnownFileType = file.storyboard; name = Base; path = Base.lproj/LaunchScreen.storyboard; sourceTree = "<group>"; };
		EF3DD3D02025BF3E00E04BC8 /* Info.plist */ = {isa = PBXFileReference; lastKnownFileType = text.plist.xml; path = Info.plist; sourceTree = "<group>"; };
		EF3DD3D52025BF3E00E04BC8 /* Assistant EditorTests.xctest */ = {isa = PBXFileReference; explicitFileType = wrapper.cfbundle; includeInIndex = 0; path = "Assistant EditorTests.xctest"; sourceTree = BUILT_PRODUCTS_DIR; };
		EF3DD3D92025BF3E00E04BC8 /* Assistant_EditorTests.swift */ = {isa = PBXFileReference; lastKnownFileType = sourcecode.swift; path = Assistant_EditorTests.swift; sourceTree = "<group>"; };
		EF3DD3DB2025BF3E00E04BC8 /* Info.plist */ = {isa = PBXFileReference; lastKnownFileType = text.plist.xml; path = Info.plist; sourceTree = "<group>"; };
		EF3DD3E02025BF3F00E04BC8 /* Assistant EditorUITests.xctest */ = {isa = PBXFileReference; explicitFileType = wrapper.cfbundle; includeInIndex = 0; path = "Assistant EditorUITests.xctest"; sourceTree = BUILT_PRODUCTS_DIR; };
		EF3DD3E42025BF3F00E04BC8 /* Assistant_EditorUITests.swift */ = {isa = PBXFileReference; lastKnownFileType = sourcecode.swift; path = Assistant_EditorUITests.swift; sourceTree = "<group>"; };
		EF3DD3E62025BF3F00E04BC8 /* Info.plist */ = {isa = PBXFileReference; lastKnownFileType = text.plist.xml; path = Info.plist; sourceTree = "<group>"; };
/* End PBXFileReference section */

/* Begin PBXFrameworksBuildPhase section */
		EF3DD3BE2025BF3E00E04BC8 /* Frameworks */ = {
			isa = PBXFrameworksBuildPhase;
			buildActionMask = 2147483647;
			files = (
			);
			runOnlyForDeploymentPostprocessing = 0;
		};
		EF3DD3D22025BF3E00E04BC8 /* Frameworks */ = {
			isa = PBXFrameworksBuildPhase;
			buildActionMask = 2147483647;
			files = (
			);
			runOnlyForDeploymentPostprocessing = 0;
		};
		EF3DD3DD2025BF3F00E04BC8 /* Frameworks */ = {
			isa = PBXFrameworksBuildPhase;
			buildActionMask = 2147483647;
			files = (
			);
			runOnlyForDeploymentPostprocessing = 0;
		};
/* End PBXFrameworksBuildPhase section */

/* Begin PBXGroup section */
		EF3DD3B82025BF3E00E04BC8 = {
			isa = PBXGroup;
			children = (
				EF3DD3C32025BF3E00E04BC8 /* Assistant Editor */,
				EF3DD3D82025BF3E00E04BC8 /* Assistant EditorTests */,
				EF3DD3E32025BF3F00E04BC8 /* Assistant EditorUITests */,
				EF3DD3C22025BF3E00E04BC8 /* Products */,
			);
			sourceTree = "<group>";
		};
		EF3DD3C22025BF3E00E04BC8 /* Products */ = {
			isa = PBXGroup;
			children = (
				EF3DD3C12025BF3E00E04BC8 /* Assistant Editor.app */,
				EF3DD3D52025BF3E00E04BC8 /* Assistant EditorTests.xctest */,
				EF3DD3E02025BF3F00E04BC8 /* Assistant EditorUITests.xctest */,
			);
			name = Products;
			sourceTree = "<group>";
		};
		EF3DD3C32025BF3E00E04BC8 /* Assistant Editor */ = {
			isa = PBXGroup;
			children = (
				EF3DD3C42025BF3E00E04BC8 /* AppDelegate.swift */,
				EF3DD3C62025BF3E00E04BC8 /* ViewController.swift */,
				EF3DD3C82025BF3E00E04BC8 /* Main.storyboard */,
				EF3DD3CB2025BF3E00E04BC8 /* Assets.xcassets */,
				EF3DD3CD2025BF3E00E04BC8 /* LaunchScreen.storyboard */,
				EF3DD3D02025BF3E00E04BC8 /* Info.plist */,
			);
			path = "Assistant Editor";
			sourceTree = "<group>";
		};
		EF3DD3D82025BF3E00E04BC8 /* Assistant EditorTests */ = {
			isa = PBXGroup;
			children = (
				EF3DD3D92025BF3E00E04BC8 /* Assistant_EditorTests.swift */,
				EF3DD3DB2025BF3E00E04BC8 /* Info.plist */,
			);
			path = "Assistant EditorTests";
			sourceTree = "<group>";
		};
		EF3DD3E32025BF3F00E04BC8 /* Assistant EditorUITests */ = {
			isa = PBXGroup;
			children = (
				EF3DD3E42025BF3F00E04BC8 /* Assistant_EditorUITests.swift */,
				EF3DD3E62025BF3F00E04BC8 /* Info.plist */,
			);
			path = "Assistant EditorUITests";
			sourceTree = "<group>";
		};
/* End PBXGroup section */

/* Begin PBXNativeTarget section */
		EF3DD3C02025BF3E00E04BC8 /* Assistant Editor */ = {
			isa = PBXNativeTarget;
			buildConfigurationList = EF3DD3E92025BF3F00E04BC8 /* Build configuration list for PBXNativeTarget "Assistant Editor" */;
			buildPhases = (
				EF3DD3BD2025BF3E00E04BC8 /* Sources */,
				EF3DD3BE2025BF3E00E04BC8 /* Frameworks */,
				EF3DD3BF2025BF3E00E04BC8 /* Resources */,
			);
			buildRules = (
			);
			dependencies = (
			);
			name = "Assistant Editor";
			productName = "Assistant Editor";
			productReference = EF3DD3C12025BF3E00E04BC8 /* Assistant Editor.app */;
			productType = "com.apple.product-type.application";
		};
		EF3DD3D42025BF3E00E04BC8 /* Assistant EditorTests */ = {
			isa = PBXNativeTarget;
			buildConfigurationList = EF3DD3EC2025BF3F00E04BC8 /* Build configuration list for PBXNativeTarget "Assistant EditorTests" */;
			buildPhases = (
				EF3DD3D12025BF3E00E04BC8 /* Sources */,
				EF3DD3D22025BF3E00E04BC8 /* Frameworks */,
				EF3DD3D32025BF3E00E04BC8 /* Resources */,
			);
			buildRules = (
			);
			dependencies = (
				EF3DD3D72025BF3E00E04BC8 /* PBXTargetDependency */,
			);
			name = "Assistant EditorTests";
			productName = "Assistant EditorTests";
			productReference = EF3DD3D52025BF3E00E04BC8 /* Assistant EditorTests.xctest */;
			productType = "com.apple.product-type.bundle.unit-test";
		};
		EF3DD3DF2025BF3F00E04BC8 /* Assistant EditorUITests */ = {
			isa = PBXNativeTarget;
			buildConfigurationList = EF3DD3EF2025BF3F00E04BC8 /* Build configuration list for PBXNativeTarget "Assistant EditorUITests" */;
			buildPhases = (
				EF3DD3DC2025BF3F00E04BC8 /* Sources */,
				EF3DD3DD2025BF3F00E04BC8 /* Frameworks */,
				EF3DD3DE2025BF3F00E04BC8 /* Resources */,
			);
			buildRules = (
			);
			dependencies = (
				EF3DD3E22025BF3F00E04BC8 /* PBXTargetDependency */,
			);
			name = "Assistant EditorUITests";
			productName = "Assistant EditorUITests";
			productReference = EF3DD3E02025BF3F00E04BC8 /* Assistant EditorUITests.xctest */;
			productType = "com.apple.product-type.bundle.ui-testing";
		};
/* End PBXNativeTarget section */

/* Begin PBXProject section */
		EF3DD3B92025BF3E00E04BC8 /* Project object */ = {
			isa = PBXProject;
			attributes = {
				LastSwiftUpdateCheck = 0920;
				LastUpgradeCheck = 0920;
				ORGANIZATIONNAME = SoonhoKoh;
				TargetAttributes = {
					EF3DD3C02025BF3E00E04BC8 = {
						CreatedOnToolsVersion = 9.2;
						ProvisioningStyle = Automatic;
					};
					EF3DD3D42025BF3E00E04BC8 = {
						CreatedOnToolsVersion = 9.2;
						ProvisioningStyle = Automatic;
						TestTargetID = EF3DD3C02025BF3E00E04BC8;
					};
					EF3DD3DF2025BF3F00E04BC8 = {
						CreatedOnToolsVersion = 9.2;
						ProvisioningStyle = Automatic;
						TestTargetID = EF3DD3C02025BF3E00E04BC8;
					};
				};
			};
			buildConfigurationList = EF3DD3BC2025BF3E00E04BC8 /* Build configuration list for PBXProject "Assistant Editor" */;
			compatibilityVersion = "Xcode 8.0";
			developmentRegion = en;
			hasScannedForEncodings = 0;
			knownRegions = (
				en,
				Base,
			);
			mainGroup = EF3DD3B82025BF3E00E04BC8;
			productRefGroup = EF3DD3C22025BF3E00E04BC8 /* Products */;
			projectDirPath = "";
			projectRoot = "";
			targets = (
				EF3DD3C02025BF3E00E04BC8 /* Assistant Editor */,
				EF3DD3D42025BF3E00E04BC8 /* Assistant EditorTests */,
				EF3DD3DF2025BF3F00E04BC8 /* Assistant EditorUITests */,
			);
		};
/* End PBXProject section */

/* Begin PBXResourcesBuildPhase section */
		EF3DD3BF2025BF3E00E04BC8 /* Resources */ = {
			isa = PBXResourcesBuildPhase;
			buildActionMask = 2147483647;
			files = (
				EF3DD3CF2025BF3E00E04BC8 /* LaunchScreen.storyboard in Resources */,
				EF3DD3CC2025BF3E00E04BC8 /* Assets.xcassets in Resources */,
				EF3DD3CA2025BF3E00E04BC8 /* Main.storyboard in Resources */,
			);
			runOnlyForDeploymentPostprocessing = 0;
		};
		EF3DD3D32025BF3E00E04BC8 /* Resources */ = {
			isa = PBXResourcesBuildPhase;
			buildActionMask = 2147483647;
			files = (
			);
			runOnlyForDeploymentPostprocessing = 0;
		};
		EF3DD3DE2025BF3F00E04BC8 /* Resources */ = {
			isa = PBXResourcesBuildPhase;
			buildActionMask = 2147483647;
			files = (
			);
			runOnlyForDeploymentPostprocessing = 0;
		};
/* End PBXResourcesBuildPhase section */

/* Begin PBXSourcesBuildPhase section */
		EF3DD3BD2025BF3E00E04BC8 /* Sources */ = {
			isa = PBXSourcesBuildPhase;
			buildActionMask = 2147483647;
			files = (
				EF3DD3C72025BF3E00E04BC8 /* ViewController.swift in Sources */,
				EF3DD3C52025BF3E00E04BC8 /* AppDelegate.swift in Sources */,
			);
			runOnlyForDeploymentPostprocessing = 0;
		};
		EF3DD3D12025BF3E00E04BC8 /* Sources */ = {
			isa = PBXSourcesBuildPhase;
			buildActionMask = 2147483647;
			files = (
				EF3DD3DA2025BF3E00E04BC8 /* Assistant_EditorTests.swift in Sources */,
			);
			runOnlyForDeploymentPostprocessing = 0;
		};
		EF3DD3DC2025BF3F00E04BC8 /* Sources */ = {
			isa = PBXSourcesBuildPhase;
			buildActionMask = 2147483647;
			files = (
				EF3DD3E52025BF3F00E04BC8 /* Assistant_EditorUITests.swift in Sources */,
			);
			runOnlyForDeploymentPostprocessing = 0;
		};
/* End PBXSourcesBuildPhase section */

/* Begin PBXTargetDependency section */
		EF3DD3D72025BF3E00E04BC8 /* PBXTargetDependency */ = {
			isa = PBXTargetDependency;
			target = EF3DD3C02025BF3E00E04BC8 /* Assistant Editor */;
			targetProxy = EF3DD3D62025BF3E00E04BC8 /* PBXContainerItemProxy */;
		};
		EF3DD3E22025BF3F00E04BC8 /* PBXTargetDependency */ = {
			isa = PBXTargetDependency;
			target = EF3DD3C02025BF3E00E04BC8 /* Assistant Editor */;
			targetProxy = EF3DD3E12025BF3F00E04BC8 /* PBXContainerItemProxy */;
		};
/* End PBXTargetDependency section */

/* Begin PBXVariantGroup section */
		EF3DD3C82025BF3E00E04BC8 /* Main.storyboard */ = {
			isa = PBXVariantGroup;
			children = (
				EF3DD3C92025BF3E00E04BC8 /* Base */,
			);
			name = Main.storyboard;
			sourceTree = "<group>";
		};
		EF3DD3CD2025BF3E00E04BC8 /* LaunchScreen.storyboard */ = {
			isa = PBXVariantGroup;
			children = (
				EF3DD3CE2025BF3E00E04BC8 /* Base */,
			);
			name = LaunchScreen.storyboard;
			sourceTree = "<group>";
		};
/* End PBXVariantGroup section */

/* Begin XCBuildConfiguration section */
		EF3DD3E72025BF3F00E04BC8 /* Debug */ = {
			isa = XCBuildConfiguration;
			buildSettings = {
				ALWAYS_SEARCH_USER_PATHS = NO;
				CLANG_ANALYZER_NONNULL = YES;
				CLANG_ANALYZER_NUMBER_OBJECT_CONVERSION = YES_AGGRESSIVE;
				CLANG_CXX_LANGUAGE_STANDARD = "gnu++14";
				CLANG_CXX_LIBRARY = "libc++";
				CLANG_ENABLE_MODULES = YES;
				CLANG_ENABLE_OBJC_ARC = YES;
				CLANG_WARN_BLOCK_CAPTURE_AUTORELEASING = YES;
				CLANG_WARN_BOOL_CONVERSION = YES;
				CLANG_WARN_COMMA = YES;
				CLANG_WARN_CONSTANT_CONVERSION = YES;
				CLANG_WARN_DIRECT_OBJC_ISA_USAGE = YES_ERROR;
				CLANG_WARN_DOCUMENTATION_COMMENTS = YES;
				CLANG_WARN_EMPTY_BODY = YES;
				CLANG_WARN_ENUM_CONVERSION = YES;
				CLANG_WARN_INFINITE_RECURSION = YES;
				CLANG_WARN_INT_CONVERSION = YES;
				CLANG_WARN_NON_LITERAL_NULL_CONVERSION = YES;
				CLANG_WARN_OBJC_LITERAL_CONVERSION = YES;
				CLANG_WARN_OBJC_ROOT_CLASS = YES_ERROR;
				CLANG_WARN_RANGE_LOOP_ANALYSIS = YES;
				CLANG_WARN_STRICT_PROTOTYPES = YES;
				CLANG_WARN_SUSPICIOUS_MOVE = YES;
				CLANG_WARN_UNGUARDED_AVAILABILITY = YES_AGGRESSIVE;
				CLANG_WARN_UNREACHABLE_CODE = YES;
				CLANG_WARN__DUPLICATE_METHOD_MATCH = YES;
				CODE_SIGN_IDENTITY = "iPhone Developer";
				COPY_PHASE_STRIP = NO;
				DEBUG_INFORMATION_FORMAT = dwarf;
				ENABLE_STRICT_OBJC_MSGSEND = YES;
				ENABLE_TESTABILITY = YES;
				GCC_C_LANGUAGE_STANDARD = gnu11;
				GCC_DYNAMIC_NO_PIC = NO;
				GCC_NO_COMMON_BLOCKS = YES;
				GCC_OPTIMIZATION_LEVEL = 0;
				GCC_PREPROCESSOR_DEFINITIONS = (
					"DEBUG=1",
					"$(inherited)",
				);
				GCC_WARN_64_TO_32_BIT_CONVERSION = YES;
				GCC_WARN_ABOUT_RETURN_TYPE = YES_ERROR;
				GCC_WARN_UNDECLARED_SELECTOR = YES;
				GCC_WARN_UNINITIALIZED_AUTOS = YES_AGGRESSIVE;
				GCC_WARN_UNUSED_FUNCTION = YES;
				GCC_WARN_UNUSED_VARIABLE = YES;
				IPHONEOS_DEPLOYMENT_TARGET = 11.2;
				MTL_ENABLE_DEBUG_INFO = YES;
				ONLY_ACTIVE_ARCH = YES;
				SDKROOT = iphoneos;
				SWIFT_ACTIVE_COMPILATION_CONDITIONS = DEBUG;
				SWIFT_OPTIMIZATION_LEVEL = "-Onone";
			};
			name = Debug;
		};
		EF3DD3E82025BF3F00E04BC8 /* Release */ = {
			isa = XCBuildConfiguration;
			buildSettings = {
				ALWAYS_SEARCH_USER_PATHS = NO;
				CLANG_ANALYZER_NONNULL = YES;
				CLANG_ANALYZER_NUMBER_OBJECT_CONVERSION = YES_AGGRESSIVE;
				CLANG_CXX_LANGUAGE_STANDARD = "gnu++14";
				CLANG_CXX_LIBRARY = "libc++";
				CLANG_ENABLE_MODULES = YES;
				CLANG_ENABLE_OBJC_ARC = YES;
				CLANG_WARN_BLOCK_CAPTURE_AUTORELEASING = YES;
				CLANG_WARN_BOOL_CONVERSION = YES;
				CLANG_WARN_COMMA = YES;
				CLANG_WARN_CONSTANT_CONVERSION = YES;
				CLANG_WARN_DIRECT_OBJC_ISA_USAGE = YES_ERROR;
				CLANG_WARN_DOCUMENTATION_COMMENTS = YES;
				CLANG_WARN_EMPTY_BODY = YES;
				CLANG_WARN_ENUM_CONVERSION = YES;
				CLANG_WARN_INFINITE_RECURSION = YES;
				CLANG_WARN_INT_CONVERSION = YES;
				CLANG_WARN_NON_LITERAL_NULL_CONVERSION = YES;
				CLANG_WARN_OBJC_LITERAL_CONVERSION = YES;
				CLANG_WARN_OBJC_ROOT_CLASS = YES_ERROR;
				CLANG_WARN_RANGE_LOOP_ANALYSIS = YES;
				CLANG_WARN_STRICT_PROTOTYPES = YES;
				CLANG_WARN_SUSPICIOUS_MOVE = YES;
				CLANG_WARN_UNGUARDED_AVAILABILITY = YES_AGGRESSIVE;
				CLANG_WARN_UNREACHABLE_CODE = YES;
				CLANG_WARN__DUPLICATE_METHOD_MATCH = YES;
				CODE_SIGN_IDENTITY = "iPhone Developer";
				COPY_PHASE_STRIP = NO;
				DEBUG_INFORMATION_FORMAT = "dwarf-with-dsym";
				ENABLE_NS_ASSERTIONS = NO;
				ENABLE_STRICT_OBJC_MSGSEND = YES;
				GCC_C_LANGUAGE_STANDARD = gnu11;
				GCC_NO_COMMON_BLOCKS = YES;
				GCC_WARN_64_TO_32_BIT_CONVERSION = YES;
				GCC_WARN_ABOUT_RETURN_TYPE = YES_ERROR;
				GCC_WARN_UNDECLARED_SELECTOR = YES;
				GCC_WARN_UNINITIALIZED_AUTOS = YES_AGGRESSIVE;
				GCC_WARN_UNUSED_FUNCTION = YES;
				GCC_WARN_UNUSED_VARIABLE = YES;
				IPHONEOS_DEPLOYMENT_TARGET = 11.2;
				MTL_ENABLE_DEBUG_INFO = NO;
				SDKROOT = iphoneos;
				SWIFT_OPTIMIZATION_LEVEL = "-Owholemodule";
				VALIDATE_PRODUCT = YES;
			};
			name = Release;
		};
		EF3DD3EA2025BF3F00E04BC8 /* Debug */ = {
			isa = XCBuildConfiguration;
			buildSettings = {
				ASSETCATALOG_COMPILER_APPICON_NAME = AppIcon;
				CODE_SIGN_STYLE = Automatic;
				DEVELOPMENT_TEAM = 6785MLV8GV;
				INFOPLIST_FILE = "Assistant Editor/Info.plist";
				LD_RUNPATH_SEARCH_PATHS = "$(inherited) @executable_path/Frameworks";
				PRODUCT_BUNDLE_IDENTIFIER = "com.gmail.millerttime60.Assistant-Editor-Label";
				PRODUCT_NAME = "$(TARGET_NAME)";
				SWIFT_VERSION = 4.0;
				TARGETED_DEVICE_FAMILY = "1,2";
			};
			name = Debug;
		};
		EF3DD3EB2025BF3F00E04BC8 /* Release */ = {
			isa = XCBuildConfiguration;
			buildSettings = {
				ASSETCATALOG_COMPILER_APPICON_NAME = AppIcon;
				CODE_SIGN_STYLE = Automatic;
				DEVELOPMENT_TEAM = 6785MLV8GV;
				INFOPLIST_FILE = "Assistant Editor/Info.plist";
				LD_RUNPATH_SEARCH_PATHS = "$(inherited) @executable_path/Frameworks";
				PRODUCT_BUNDLE_IDENTIFIER = "com.gmail.millerttime60.Assistant-Editor-Label";
				PRODUCT_NAME = "$(TARGET_NAME)";
				SWIFT_VERSION = 4.0;
				TARGETED_DEVICE_FAMILY = "1,2";
			};
			name = Release;
		};
		EF3DD3ED2025BF3F00E04BC8 /* Debug */ = {
			isa = XCBuildConfiguration;
			buildSettings = {
				ALWAYS_EMBED_SWIFT_STANDARD_LIBRARIES = YES;
				BUNDLE_LOADER = "$(TEST_HOST)";
				CODE_SIGN_STYLE = Automatic;
				DEVELOPMENT_TEAM = 6785MLV8GV;
				INFOPLIST_FILE = "Assistant EditorTests/Info.plist";
				LD_RUNPATH_SEARCH_PATHS = "$(inherited) @executable_path/Frameworks @loader_path/Frameworks";
				PRODUCT_BUNDLE_IDENTIFIER = "com.gmail.millerttime60.Assistant-EditorTests";
				PRODUCT_NAME = "$(TARGET_NAME)";
				SWIFT_VERSION = 4.0;
				TARGETED_DEVICE_FAMILY = "1,2";
				TEST_HOST = "$(BUILT_PRODUCTS_DIR)/Assistant Editor.app/Assistant Editor";
			};
			name = Debug;
		};
		EF3DD3EE2025BF3F00E04BC8 /* Release */ = {
			isa = XCBuildConfiguration;
			buildSettings = {
				ALWAYS_EMBED_SWIFT_STANDARD_LIBRARIES = YES;
				BUNDLE_LOADER = "$(TEST_HOST)";
				CODE_SIGN_STYLE = Automatic;
				DEVELOPMENT_TEAM = 6785MLV8GV;
				INFOPLIST_FILE = "Assistant EditorTests/Info.plist";
				LD_RUNPATH_SEARCH_PATHS = "$(inherited) @executable_path/Frameworks @loader_path/Frameworks";
				PRODUCT_BUNDLE_IDENTIFIER = "com.gmail.millerttime60.Assistant-EditorTests";
				PRODUCT_NAME = "$(TARGET_NAME)";
				SWIFT_VERSION = 4.0;
				TARGETED_DEVICE_FAMILY = "1,2";
				TEST_HOST = "$(BUILT_PRODUCTS_DIR)/Assistant Editor.app/Assistant Editor";
			};
			name = Release;
		};
		EF3DD3F02025BF3F00E04BC8 /* Debug */ = {
			isa = XCBuildConfiguration;
			buildSettings = {
				ALWAYS_EMBED_SWIFT_STANDARD_LIBRARIES = YES;
				CODE_SIGN_STYLE = Automatic;
				DEVELOPMENT_TEAM = 6785MLV8GV;
				INFOPLIST_FILE = "Assistant EditorUITests/Info.plist";
				LD_RUNPATH_SEARCH_PATHS = "$(inherited) @executable_path/Frameworks @loader_path/Frameworks";
				PRODUCT_BUNDLE_IDENTIFIER = "com.gmail.millerttime60.Assistant-EditorUITests";
				PRODUCT_NAME = "$(TARGET_NAME)";
				SWIFT_VERSION = 4.0;
				TARGETED_DEVICE_FAMILY = "1,2";
				TEST_TARGET_NAME = "Assistant Editor";
			};
			name = Debug;
		};
		EF3DD3F12025BF3F00E04BC8 /* Release */ = {
			isa = XCBuildConfiguration;
			buildSettings = {
				ALWAYS_EMBED_SWIFT_STANDARD_LIBRARIES = YES;
				CODE_SIGN_STYLE = Automatic;
				DEVELOPMENT_TEAM = 6785MLV8GV;
				INFOPLIST_FILE = "Assistant EditorUITests/Info.plist";
				LD_RUNPATH_SEARCH_PATHS = "$(inherited) @executable_path/Frameworks @loader_path/Frameworks";
				PRODUCT_BUNDLE_IDENTIFIER = "com.gmail.millerttime60.Assistant-EditorUITests";
				PRODUCT_NAME = "$(TARGET_NAME)";
				SWIFT_VERSION = 4.0;
				TARGETED_DEVICE_FAMILY = "1,2";
				TEST_TARGET_NAME = "Assistant Editor";
			};
			name = Release;
		};
/* End XCBuildConfiguration section */

/* Begin XCConfigurationList section */
		EF3DD3BC2025BF3E00E04BC8 /* Build configuration list for PBXProject "Assistant Editor" */ = {
			isa = XCConfigurationList;
			buildConfigurations = (
				EF3DD3E72025BF3F00E04BC8 /* Debug */,
				EF3DD3E82025BF3F00E04BC8 /* Release */,
			);
			defaultConfigurationIsVisible = 0;
			defaultConfigurationName = Release;
		};
		EF3DD3E92025BF3F00E04BC8 /* Build configuration list for PBXNativeTarget "Assistant Editor" */ = {
			isa = XCConfigurationList;
			buildConfigurations = (
				EF3DD3EA2025BF3F00E04BC8 /* Debug */,
				EF3DD3EB2025BF3F00E04BC8 /* Release */,
			);
			defaultConfigurationIsVisible = 0;
			defaultConfigurationName = Release;
		};
		EF3DD3EC2025BF3F00E04BC8 /* Build configuration list for PBXNativeTarget "Assistant EditorTests" */ = {
			isa = XCConfigurationList;
			buildConfigurations = (
				EF3DD3ED2025BF3F00E04BC8 /* Debug */,
				EF3DD3EE2025BF3F00E04BC8 /* Release */,
			);
			defaultConfigurationIsVisible = 0;
			defaultConfigurationName = Release;
		};
		EF3DD3EF2025BF3F00E04BC8 /* Build configuration list for PBXNativeTarget "Assistant EditorUITests" */ = {
			isa = XCConfigurationList;
			buildConfigurations = (
				EF3DD3F02025BF3F00E04BC8 /* Debug */,
				EF3DD3F12025BF3F00E04BC8 /* Release */,
			);
			defaultConfigurationIsVisible = 0;
			defaultConfigurationName = Release;
		};
/* End XCConfigurationList section */
	};
	rootObject = EF3DD3B92025BF3E00E04BC8 /* Project object */;
}
