// !$*UTF8*$!
{
	archiveVersion = 1;
	classes = {
	};
	objectVersion = 48;
	objects = {

/* Begin PBXBuildFile section */
		EFE38FA12029B9E600A03CB4 /* AppDelegate.swift in Sources */ = {isa = PBXBuildFile; fileRef = EFE38FA02029B9E600A03CB4 /* AppDelegate.swift */; };
		EFE38FA32029B9E600A03CB4 /* ViewController.swift in Sources */ = {isa = PBXBuildFile; fileRef = EFE38FA22029B9E600A03CB4 /* ViewController.swift */; };
		EFE38FA62029B9E600A03CB4 /* Main.storyboard in Resources */ = {isa = PBXBuildFile; fileRef = EFE38FA42029B9E600A03CB4 /* Main.storyboard */; };
		EFE38FA82029B9E600A03CB4 /* Assets.xcassets in Resources */ = {isa = PBXBuildFile; fileRef = EFE38FA72029B9E600A03CB4 /* Assets.xcassets */; };
		EFE38FAB2029B9E600A03CB4 /* LaunchScreen.storyboard in Resources */ = {isa = PBXBuildFile; fileRef = EFE38FA92029B9E600A03CB4 /* LaunchScreen.storyboard */; };
		EFE38FB62029B9E600A03CB4 /* UITextTests.swift in Sources */ = {isa = PBXBuildFile; fileRef = EFE38FB52029B9E600A03CB4 /* UITextTests.swift */; };
		EFE38FC12029B9E600A03CB4 /* UITextUITests.swift in Sources */ = {isa = PBXBuildFile; fileRef = EFE38FC02029B9E600A03CB4 /* UITextUITests.swift */; };
/* End PBXBuildFile section */

/* Begin PBXContainerItemProxy section */
		EFE38FB22029B9E600A03CB4 /* PBXContainerItemProxy */ = {
			isa = PBXContainerItemProxy;
			containerPortal = EFE38F952029B9E600A03CB4 /* Project object */;
			proxyType = 1;
			remoteGlobalIDString = EFE38F9C2029B9E600A03CB4;
			remoteInfo = UIText;
		};
		EFE38FBD2029B9E600A03CB4 /* PBXContainerItemProxy */ = {
			isa = PBXContainerItemProxy;
			containerPortal = EFE38F952029B9E600A03CB4 /* Project object */;
			proxyType = 1;
			remoteGlobalIDString = EFE38F9C2029B9E600A03CB4;
			remoteInfo = UIText;
		};
/* End PBXContainerItemProxy section */

/* Begin PBXFileReference section */
		EFE38F9D2029B9E600A03CB4 /* UIText.app */ = {isa = PBXFileReference; explicitFileType = wrapper.application; includeInIndex = 0; path = UIText.app; sourceTree = BUILT_PRODUCTS_DIR; };
		EFE38FA02029B9E600A03CB4 /* AppDelegate.swift */ = {isa = PBXFileReference; lastKnownFileType = sourcecode.swift; path = AppDelegate.swift; sourceTree = "<group>"; };
		EFE38FA22029B9E600A03CB4 /* ViewController.swift */ = {isa = PBXFileReference; lastKnownFileType = sourcecode.swift; path = ViewController.swift; sourceTree = "<group>"; };
		EFE38FA52029B9E600A03CB4 /* Base */ = {isa = PBXFileReference; lastKnownFileType = file.storyboard; name = Base; path = Base.lproj/Main.storyboard; sourceTree = "<group>"; };
		EFE38FA72029B9E600A03CB4 /* Assets.xcassets */ = {isa = PBXFileReference; lastKnownFileType = folder.assetcatalog; path = Assets.xcassets; sourceTree = "<group>"; };
		EFE38FAA2029B9E600A03CB4 /* Base */ = {isa = PBXFileReference; lastKnownFileType = file.storyboard; name = Base; path = Base.lproj/LaunchScreen.storyboard; sourceTree = "<group>"; };
		EFE38FAC2029B9E600A03CB4 /* Info.plist */ = {isa = PBXFileReference; lastKnownFileType = text.plist.xml; path = Info.plist; sourceTree = "<group>"; };
		EFE38FB12029B9E600A03CB4 /* UITextTests.xctest */ = {isa = PBXFileReference; explicitFileType = wrapper.cfbundle; includeInIndex = 0; path = UITextTests.xctest; sourceTree = BUILT_PRODUCTS_DIR; };
		EFE38FB52029B9E600A03CB4 /* UITextTests.swift */ = {isa = PBXFileReference; lastKnownFileType = sourcecode.swift; path = UITextTests.swift; sourceTree = "<group>"; };
		EFE38FB72029B9E600A03CB4 /* Info.plist */ = {isa = PBXFileReference; lastKnownFileType = text.plist.xml; path = Info.plist; sourceTree = "<group>"; };
		EFE38FBC2029B9E600A03CB4 /* UITextUITests.xctest */ = {isa = PBXFileReference; explicitFileType = wrapper.cfbundle; includeInIndex = 0; path = UITextUITests.xctest; sourceTree = BUILT_PRODUCTS_DIR; };
		EFE38FC02029B9E600A03CB4 /* UITextUITests.swift */ = {isa = PBXFileReference; lastKnownFileType = sourcecode.swift; path = UITextUITests.swift; sourceTree = "<group>"; };
		EFE38FC22029B9E600A03CB4 /* Info.plist */ = {isa = PBXFileReference; lastKnownFileType = text.plist.xml; path = Info.plist; sourceTree = "<group>"; };
/* End PBXFileReference section */

/* Begin PBXFrameworksBuildPhase section */
		EFE38F9A2029B9E600A03CB4 /* Frameworks */ = {
			isa = PBXFrameworksBuildPhase;
			buildActionMask = 2147483647;
			files = (
			);
			runOnlyForDeploymentPostprocessing = 0;
		};
		EFE38FAE2029B9E600A03CB4 /* Frameworks */ = {
			isa = PBXFrameworksBuildPhase;
			buildActionMask = 2147483647;
			files = (
			);
			runOnlyForDeploymentPostprocessing = 0;
		};
		EFE38FB92029B9E600A03CB4 /* Frameworks */ = {
			isa = PBXFrameworksBuildPhase;
			buildActionMask = 2147483647;
			files = (
			);
			runOnlyForDeploymentPostprocessing = 0;
		};
/* End PBXFrameworksBuildPhase section */

/* Begin PBXGroup section */
		EFE38F942029B9E600A03CB4 = {
			isa = PBXGroup;
			children = (
				EFE38F9F2029B9E600A03CB4 /* UIText */,
				EFE38FB42029B9E600A03CB4 /* UITextTests */,
				EFE38FBF2029B9E600A03CB4 /* UITextUITests */,
				EFE38F9E2029B9E600A03CB4 /* Products */,
			);
			sourceTree = "<group>";
		};
		EFE38F9E2029B9E600A03CB4 /* Products */ = {
			isa = PBXGroup;
			children = (
				EFE38F9D2029B9E600A03CB4 /* UIText.app */,
				EFE38FB12029B9E600A03CB4 /* UITextTests.xctest */,
				EFE38FBC2029B9E600A03CB4 /* UITextUITests.xctest */,
			);
			name = Products;
			sourceTree = "<group>";
		};
		EFE38F9F2029B9E600A03CB4 /* UIText */ = {
			isa = PBXGroup;
			children = (
				EFE38FA02029B9E600A03CB4 /* AppDelegate.swift */,
				EFE38FA22029B9E600A03CB4 /* ViewController.swift */,
				EFE38FA42029B9E600A03CB4 /* Main.storyboard */,
				EFE38FA72029B9E600A03CB4 /* Assets.xcassets */,
				EFE38FA92029B9E600A03CB4 /* LaunchScreen.storyboard */,
				EFE38FAC2029B9E600A03CB4 /* Info.plist */,
			);
			path = UIText;
			sourceTree = "<group>";
		};
		EFE38FB42029B9E600A03CB4 /* UITextTests */ = {
			isa = PBXGroup;
			children = (
				EFE38FB52029B9E600A03CB4 /* UITextTests.swift */,
				EFE38FB72029B9E600A03CB4 /* Info.plist */,
			);
			path = UITextTests;
			sourceTree = "<group>";
		};
		EFE38FBF2029B9E600A03CB4 /* UITextUITests */ = {
			isa = PBXGroup;
			children = (
				EFE38FC02029B9E600A03CB4 /* UITextUITests.swift */,
				EFE38FC22029B9E600A03CB4 /* Info.plist */,
			);
			path = UITextUITests;
			sourceTree = "<group>";
		};
/* End PBXGroup section */

/* Begin PBXNativeTarget section */
		EFE38F9C2029B9E600A03CB4 /* UIText */ = {
			isa = PBXNativeTarget;
			buildConfigurationList = EFE38FC52029B9E600A03CB4 /* Build configuration list for PBXNativeTarget "UIText" */;
			buildPhases = (
				EFE38F992029B9E600A03CB4 /* Sources */,
				EFE38F9A2029B9E600A03CB4 /* Frameworks */,
				EFE38F9B2029B9E600A03CB4 /* Resources */,
			);
			buildRules = (
			);
			dependencies = (
			);
			name = UIText;
			productName = UIText;
			productReference = EFE38F9D2029B9E600A03CB4 /* UIText.app */;
			productType = "com.apple.product-type.application";
		};
		EFE38FB02029B9E600A03CB4 /* UITextTests */ = {
			isa = PBXNativeTarget;
			buildConfigurationList = EFE38FC82029B9E600A03CB4 /* Build configuration list for PBXNativeTarget "UITextTests" */;
			buildPhases = (
				EFE38FAD2029B9E600A03CB4 /* Sources */,
				EFE38FAE2029B9E600A03CB4 /* Frameworks */,
				EFE38FAF2029B9E600A03CB4 /* Resources */,
			);
			buildRules = (
			);
			dependencies = (
				EFE38FB32029B9E600A03CB4 /* PBXTargetDependency */,
			);
			name = UITextTests;
			productName = UITextTests;
			productReference = EFE38FB12029B9E600A03CB4 /* UITextTests.xctest */;
			productType = "com.apple.product-type.bundle.unit-test";
		};
		EFE38FBB2029B9E600A03CB4 /* UITextUITests */ = {
			isa = PBXNativeTarget;
			buildConfigurationList = EFE38FCB2029B9E600A03CB4 /* Build configuration list for PBXNativeTarget "UITextUITests" */;
			buildPhases = (
				EFE38FB82029B9E600A03CB4 /* Sources */,
				EFE38FB92029B9E600A03CB4 /* Frameworks */,
				EFE38FBA2029B9E600A03CB4 /* Resources */,
			);
			buildRules = (
			);
			dependencies = (
				EFE38FBE2029B9E600A03CB4 /* PBXTargetDependency */,
			);
			name = UITextUITests;
			productName = UITextUITests;
			productReference = EFE38FBC2029B9E600A03CB4 /* UITextUITests.xctest */;
			productType = "com.apple.product-type.bundle.ui-testing";
		};
/* End PBXNativeTarget section */

/* Begin PBXProject section */
		EFE38F952029B9E600A03CB4 /* Project object */ = {
			isa = PBXProject;
			attributes = {
				LastSwiftUpdateCheck = 0920;
				LastUpgradeCheck = 0920;
				ORGANIZATIONNAME = SoonhoKoh;
				TargetAttributes = {
					EFE38F9C2029B9E600A03CB4 = {
						CreatedOnToolsVersion = 9.2;
						ProvisioningStyle = Automatic;
					};
					EFE38FB02029B9E600A03CB4 = {
						CreatedOnToolsVersion = 9.2;
						ProvisioningStyle = Automatic;
						TestTargetID = EFE38F9C2029B9E600A03CB4;
					};
					EFE38FBB2029B9E600A03CB4 = {
						CreatedOnToolsVersion = 9.2;
						ProvisioningStyle = Automatic;
						TestTargetID = EFE38F9C2029B9E600A03CB4;
					};
				};
			};
			buildConfigurationList = EFE38F982029B9E600A03CB4 /* Build configuration list for PBXProject "UIText" */;
			compatibilityVersion = "Xcode 8.0";
			developmentRegion = en;
			hasScannedForEncodings = 0;
			knownRegions = (
				en,
				Base,
			);
			mainGroup = EFE38F942029B9E600A03CB4;
			productRefGroup = EFE38F9E2029B9E600A03CB4 /* Products */;
			projectDirPath = "";
			projectRoot = "";
			targets = (
				EFE38F9C2029B9E600A03CB4 /* UIText */,
				EFE38FB02029B9E600A03CB4 /* UITextTests */,
				EFE38FBB2029B9E600A03CB4 /* UITextUITests */,
			);
		};
/* End PBXProject section */

/* Begin PBXResourcesBuildPhase section */
		EFE38F9B2029B9E600A03CB4 /* Resources */ = {
			isa = PBXResourcesBuildPhase;
			buildActionMask = 2147483647;
			files = (
				EFE38FAB2029B9E600A03CB4 /* LaunchScreen.storyboard in Resources */,
				EFE38FA82029B9E600A03CB4 /* Assets.xcassets in Resources */,
				EFE38FA62029B9E600A03CB4 /* Main.storyboard in Resources */,
			);
			runOnlyForDeploymentPostprocessing = 0;
		};
		EFE38FAF2029B9E600A03CB4 /* Resources */ = {
			isa = PBXResourcesBuildPhase;
			buildActionMask = 2147483647;
			files = (
			);
			runOnlyForDeploymentPostprocessing = 0;
		};
		EFE38FBA2029B9E600A03CB4 /* Resources */ = {
			isa = PBXResourcesBuildPhase;
			buildActionMask = 2147483647;
			files = (
			);
			runOnlyForDeploymentPostprocessing = 0;
		};
/* End PBXResourcesBuildPhase section */

/* Begin PBXSourcesBuildPhase section */
		EFE38F992029B9E600A03CB4 /* Sources */ = {
			isa = PBXSourcesBuildPhase;
			buildActionMask = 2147483647;
			files = (
				EFE38FA32029B9E600A03CB4 /* ViewController.swift in Sources */,
				EFE38FA12029B9E600A03CB4 /* AppDelegate.swift in Sources */,
			);
			runOnlyForDeploymentPostprocessing = 0;
		};
		EFE38FAD2029B9E600A03CB4 /* Sources */ = {
			isa = PBXSourcesBuildPhase;
			buildActionMask = 2147483647;
			files = (
				EFE38FB62029B9E600A03CB4 /* UITextTests.swift in Sources */,
			);
			runOnlyForDeploymentPostprocessing = 0;
		};
		EFE38FB82029B9E600A03CB4 /* Sources */ = {
			isa = PBXSourcesBuildPhase;
			buildActionMask = 2147483647;
			files = (
				EFE38FC12029B9E600A03CB4 /* UITextUITests.swift in Sources */,
			);
			runOnlyForDeploymentPostprocessing = 0;
		};
/* End PBXSourcesBuildPhase section */

/* Begin PBXTargetDependency section */
		EFE38FB32029B9E600A03CB4 /* PBXTargetDependency */ = {
			isa = PBXTargetDependency;
			target = EFE38F9C2029B9E600A03CB4 /* UIText */;
			targetProxy = EFE38FB22029B9E600A03CB4 /* PBXContainerItemProxy */;
		};
		EFE38FBE2029B9E600A03CB4 /* PBXTargetDependency */ = {
			isa = PBXTargetDependency;
			target = EFE38F9C2029B9E600A03CB4 /* UIText */;
			targetProxy = EFE38FBD2029B9E600A03CB4 /* PBXContainerItemProxy */;
		};
/* End PBXTargetDependency section */

/* Begin PBXVariantGroup section */
		EFE38FA42029B9E600A03CB4 /* Main.storyboard */ = {
			isa = PBXVariantGroup;
			children = (
				EFE38FA52029B9E600A03CB4 /* Base */,
			);
			name = Main.storyboard;
			sourceTree = "<group>";
		};
		EFE38FA92029B9E600A03CB4 /* LaunchScreen.storyboard */ = {
			isa = PBXVariantGroup;
			children = (
				EFE38FAA2029B9E600A03CB4 /* Base */,
			);
			name = LaunchScreen.storyboard;
			sourceTree = "<group>";
		};
/* End PBXVariantGroup section */

/* Begin XCBuildConfiguration section */
		EFE38FC32029B9E600A03CB4 /* Debug */ = {
			isa = XCBuildConfiguration;
			buildSettings = {
				ALWAYS_SEARCH_USER_PATHS = NO;
				CLANG_ANALYZER_NONNULL = YES;
				CLANG_ANALYZER_NUMBER_OBJECT_CONVERSION = YES_AGGRESSIVE;
				CLANG_CXX_LANGUAGE_STANDARD = "gnu++14";
				CLANG_CXX_LIBRARY = "libc++";
				CLANG_ENABLE_MODULES = YES;
				CLANG_ENABLE_OBJC_ARC = YES;
				CLANG_WARN_BLOCK_CAPTURE_AUTORELEASING = YES;
				CLANG_WARN_BOOL_CONVERSION = YES;
				CLANG_WARN_COMMA = YES;
				CLANG_WARN_CONSTANT_CONVERSION = YES;
				CLANG_WARN_DIRECT_OBJC_ISA_USAGE = YES_ERROR;
				CLANG_WARN_DOCUMENTATION_COMMENTS = YES;
				CLANG_WARN_EMPTY_BODY = YES;
				CLANG_WARN_ENUM_CONVERSION = YES;
				CLANG_WARN_INFINITE_RECURSION = YES;
				CLANG_WARN_INT_CONVERSION = YES;
				CLANG_WARN_NON_LITERAL_NULL_CONVERSION = YES;
				CLANG_WARN_OBJC_LITERAL_CONVERSION = YES;
				CLANG_WARN_OBJC_ROOT_CLASS = YES_ERROR;
				CLANG_WARN_RANGE_LOOP_ANALYSIS = YES;
				CLANG_WARN_STRICT_PROTOTYPES = YES;
				CLANG_WARN_SUSPICIOUS_MOVE = YES;
				CLANG_WARN_UNGUARDED_AVAILABILITY = YES_AGGRESSIVE;
				CLANG_WARN_UNREACHABLE_CODE = YES;
				CLANG_WARN__DUPLICATE_METHOD_MATCH = YES;
				CODE_SIGN_IDENTITY = "iPhone Developer";
				COPY_PHASE_STRIP = NO;
				DEBUG_INFORMATION_FORMAT = dwarf;
				ENABLE_STRICT_OBJC_MSGSEND = YES;
				ENABLE_TESTABILITY = YES;
				GCC_C_LANGUAGE_STANDARD = gnu11;
				GCC_DYNAMIC_NO_PIC = NO;
				GCC_NO_COMMON_BLOCKS = YES;
				GCC_OPTIMIZATION_LEVEL = 0;
				GCC_PREPROCESSOR_DEFINITIONS = (
					"DEBUG=1",
					"$(inherited)",
				);
				GCC_WARN_64_TO_32_BIT_CONVERSION = YES;
				GCC_WARN_ABOUT_RETURN_TYPE = YES_ERROR;
				GCC_WARN_UNDECLARED_SELECTOR = YES;
				GCC_WARN_UNINITIALIZED_AUTOS = YES_AGGRESSIVE;
				GCC_WARN_UNUSED_FUNCTION = YES;
				GCC_WARN_UNUSED_VARIABLE = YES;
				IPHONEOS_DEPLOYMENT_TARGET = 11.2;
				MTL_ENABLE_DEBUG_INFO = YES;
				ONLY_ACTIVE_ARCH = YES;
				SDKROOT = iphoneos;
				SWIFT_ACTIVE_COMPILATION_CONDITIONS = DEBUG;
				SWIFT_OPTIMIZATION_LEVEL = "-Onone";
			};
			name = Debug;
		};
		EFE38FC42029B9E600A03CB4 /* Release */ = {
			isa = XCBuildConfiguration;
			buildSettings = {
				ALWAYS_SEARCH_USER_PATHS = NO;
				CLANG_ANALYZER_NONNULL = YES;
				CLANG_ANALYZER_NUMBER_OBJECT_CONVERSION = YES_AGGRESSIVE;
				CLANG_CXX_LANGUAGE_STANDARD = "gnu++14";
				CLANG_CXX_LIBRARY = "libc++";
				CLANG_ENABLE_MODULES = YES;
				CLANG_ENABLE_OBJC_ARC = YES;
				CLANG_WARN_BLOCK_CAPTURE_AUTORELEASING = YES;
				CLANG_WARN_BOOL_CONVERSION = YES;
				CLANG_WARN_COMMA = YES;
				CLANG_WARN_CONSTANT_CONVERSION = YES;
				CLANG_WARN_DIRECT_OBJC_ISA_USAGE = YES_ERROR;
				CLANG_WARN_DOCUMENTATION_COMMENTS = YES;
				CLANG_WARN_EMPTY_BODY = YES;
				CLANG_WARN_ENUM_CONVERSION = YES;
				CLANG_WARN_INFINITE_RECURSION = YES;
				CLANG_WARN_INT_CONVERSION = YES;
				CLANG_WARN_NON_LITERAL_NULL_CONVERSION = YES;
				CLANG_WARN_OBJC_LITERAL_CONVERSION = YES;
				CLANG_WARN_OBJC_ROOT_CLASS = YES_ERROR;
				CLANG_WARN_RANGE_LOOP_ANALYSIS = YES;
				CLANG_WARN_STRICT_PROTOTYPES = YES;
				CLANG_WARN_SUSPICIOUS_MOVE = YES;
				CLANG_WARN_UNGUARDED_AVAILABILITY = YES_AGGRESSIVE;
				CLANG_WARN_UNREACHABLE_CODE = YES;
				CLANG_WARN__DUPLICATE_METHOD_MATCH = YES;
				CODE_SIGN_IDENTITY = "iPhone Developer";
				COPY_PHASE_STRIP = NO;
				DEBUG_INFORMATION_FORMAT = "dwarf-with-dsym";
				ENABLE_NS_ASSERTIONS = NO;
				ENABLE_STRICT_OBJC_MSGSEND = YES;
				GCC_C_LANGUAGE_STANDARD = gnu11;
				GCC_NO_COMMON_BLOCKS = YES;
				GCC_WARN_64_TO_32_BIT_CONVERSION = YES;
				GCC_WARN_ABOUT_RETURN_TYPE = YES_ERROR;
				GCC_WARN_UNDECLARED_SELECTOR = YES;
				GCC_WARN_UNINITIALIZED_AUTOS = YES_AGGRESSIVE;
				GCC_WARN_UNUSED_FUNCTION = YES;
				GCC_WARN_UNUSED_VARIABLE = YES;
				IPHONEOS_DEPLOYMENT_TARGET = 11.2;
				MTL_ENABLE_DEBUG_INFO = NO;
				SDKROOT = iphoneos;
				SWIFT_OPTIMIZATION_LEVEL = "-Owholemodule";
				VALIDATE_PRODUCT = YES;
			};
			name = Release;
		};
		EFE38FC62029B9E600A03CB4 /* Debug */ = {
			isa = XCBuildConfiguration;
			buildSettings = {
				ASSETCATALOG_COMPILER_APPICON_NAME = AppIcon;
				CODE_SIGN_STYLE = Automatic;
				DEVELOPMENT_TEAM = 6785MLV8GV;
				INFOPLIST_FILE = UIText/Info.plist;
				LD_RUNPATH_SEARCH_PATHS = "$(inherited) @executable_path/Frameworks";
				PRODUCT_BUNDLE_IDENTIFIER = com.gmail.millerttime60.UIText;
				PRODUCT_NAME = "$(TARGET_NAME)";
				SWIFT_VERSION = 4.0;
				TARGETED_DEVICE_FAMILY = "1,2";
			};
			name = Debug;
		};
		EFE38FC72029B9E600A03CB4 /* Release */ = {
			isa = XCBuildConfiguration;
			buildSettings = {
				ASSETCATALOG_COMPILER_APPICON_NAME = AppIcon;
				CODE_SIGN_STYLE = Automatic;
				DEVELOPMENT_TEAM = 6785MLV8GV;
				INFOPLIST_FILE = UIText/Info.plist;
				LD_RUNPATH_SEARCH_PATHS = "$(inherited) @executable_path/Frameworks";
				PRODUCT_BUNDLE_IDENTIFIER = com.gmail.millerttime60.UIText;
				PRODUCT_NAME = "$(TARGET_NAME)";
				SWIFT_VERSION = 4.0;
				TARGETED_DEVICE_FAMILY = "1,2";
			};
			name = Release;
		};
		EFE38FC92029B9E600A03CB4 /* Debug */ = {
			isa = XCBuildConfiguration;
			buildSettings = {
				ALWAYS_EMBED_SWIFT_STANDARD_LIBRARIES = YES;
				BUNDLE_LOADER = "$(TEST_HOST)";
				CODE_SIGN_STYLE = Automatic;
				DEVELOPMENT_TEAM = 6785MLV8GV;
				INFOPLIST_FILE = UITextTests/Info.plist;
				LD_RUNPATH_SEARCH_PATHS = "$(inherited) @executable_path/Frameworks @loader_path/Frameworks";
				PRODUCT_BUNDLE_IDENTIFIER = com.gmail.millerttime60.UITextTests;
				PRODUCT_NAME = "$(TARGET_NAME)";
				SWIFT_VERSION = 4.0;
				TARGETED_DEVICE_FAMILY = "1,2";
				TEST_HOST = "$(BUILT_PRODUCTS_DIR)/UIText.app/UIText";
			};
			name = Debug;
		};
		EFE38FCA2029B9E600A03CB4 /* Release */ = {
			isa = XCBuildConfiguration;
			buildSettings = {
				ALWAYS_EMBED_SWIFT_STANDARD_LIBRARIES = YES;
				BUNDLE_LOADER = "$(TEST_HOST)";
				CODE_SIGN_STYLE = Automatic;
				DEVELOPMENT_TEAM = 6785MLV8GV;
				INFOPLIST_FILE = UITextTests/Info.plist;
				LD_RUNPATH_SEARCH_PATHS = "$(inherited) @executable_path/Frameworks @loader_path/Frameworks";
				PRODUCT_BUNDLE_IDENTIFIER = com.gmail.millerttime60.UITextTests;
				PRODUCT_NAME = "$(TARGET_NAME)";
				SWIFT_VERSION = 4.0;
				TARGETED_DEVICE_FAMILY = "1,2";
				TEST_HOST = "$(BUILT_PRODUCTS_DIR)/UIText.app/UIText";
			};
			name = Release;
		};
		EFE38FCC2029B9E600A03CB4 /* Debug */ = {
			isa = XCBuildConfiguration;
			buildSettings = {
				ALWAYS_EMBED_SWIFT_STANDARD_LIBRARIES = YES;
				CODE_SIGN_STYLE = Automatic;
				DEVELOPMENT_TEAM = 6785MLV8GV;
				INFOPLIST_FILE = UITextUITests/Info.plist;
				LD_RUNPATH_SEARCH_PATHS = "$(inherited) @executable_path/Frameworks @loader_path/Frameworks";
				PRODUCT_BUNDLE_IDENTIFIER = com.gmail.millerttime60.UITextUITests;
				PRODUCT_NAME = "$(TARGET_NAME)";
				SWIFT_VERSION = 4.0;
				TARGETED_DEVICE_FAMILY = "1,2";
				TEST_TARGET_NAME = UIText;
			};
			name = Debug;
		};
		EFE38FCD2029B9E600A03CB4 /* Release */ = {
			isa = XCBuildConfiguration;
			buildSettings = {
				ALWAYS_EMBED_SWIFT_STANDARD_LIBRARIES = YES;
				CODE_SIGN_STYLE = Automatic;
				DEVELOPMENT_TEAM = 6785MLV8GV;
				INFOPLIST_FILE = UITextUITests/Info.plist;
				LD_RUNPATH_SEARCH_PATHS = "$(inherited) @executable_path/Frameworks @loader_path/Frameworks";
				PRODUCT_BUNDLE_IDENTIFIER = com.gmail.millerttime60.UITextUITests;
				PRODUCT_NAME = "$(TARGET_NAME)";
				SWIFT_VERSION = 4.0;
				TARGETED_DEVICE_FAMILY = "1,2";
				TEST_TARGET_NAME = UIText;
			};
			name = Release;
		};
/* End XCBuildConfiguration section */

/* Begin XCConfigurationList section */
		EFE38F982029B9E600A03CB4 /* Build configuration list for PBXProject "UIText" */ = {
			isa = XCConfigurationList;
			buildConfigurations = (
				EFE38FC32029B9E600A03CB4 /* Debug */,
				EFE38FC42029B9E600A03CB4 /* Release */,
			);
			defaultConfigurationIsVisible = 0;
			defaultConfigurationName = Release;
		};
		EFE38FC52029B9E600A03CB4 /* Build configuration list for PBXNativeTarget "UIText" */ = {
			isa = XCConfigurationList;
			buildConfigurations = (
				EFE38FC62029B9E600A03CB4 /* Debug */,
				EFE38FC72029B9E600A03CB4 /* Release */,
			);
			defaultConfigurationIsVisible = 0;
			defaultConfigurationName = Release;
		};
		EFE38FC82029B9E600A03CB4 /* Build configuration list for PBXNativeTarget "UITextTests" */ = {
			isa = XCConfigurationList;
			buildConfigurations = (
				EFE38FC92029B9E600A03CB4 /* Debug */,
				EFE38FCA2029B9E600A03CB4 /* Release */,
			);
			defaultConfigurationIsVisible = 0;
			defaultConfigurationName = Release;
		};
		EFE38FCB2029B9E600A03CB4 /* Build configuration list for PBXNativeTarget "UITextUITests" */ = {
			isa = XCConfigurationList;
			buildConfigurations = (
				EFE38FCC2029B9E600A03CB4 /* Debug */,
				EFE38FCD2029B9E600A03CB4 /* Release */,
			);
			defaultConfigurationIsVisible = 0;
			defaultConfigurationName = Release;
		};
/* End XCConfigurationList section */
	};
	rootObject = EFE38F952029B9E600A03CB4 /* Project object */;
}
