// !$*UTF8*$!
{
	archiveVersion = 1;
	classes = {
	};
	objectVersion = 48;
	objects = {

/* Begin PBXBuildFile section */
		EFE1D8F1204D664E005E7D1D /* AppDelegate.swift in Sources */ = {isa = PBXBuildFile; fileRef = EFE1D8F0204D664E005E7D1D /* AppDelegate.swift */; };
		EFE1D8F3204D664E005E7D1D /* ViewController.swift in Sources */ = {isa = PBXBuildFile; fileRef = EFE1D8F2204D664E005E7D1D /* ViewController.swift */; };
		EFE1D8F6204D664E005E7D1D /* Main.storyboard in Resources */ = {isa = PBXBuildFile; fileRef = EFE1D8F4204D664E005E7D1D /* Main.storyboard */; };
		EFE1D8F8204D664E005E7D1D /* Assets.xcassets in Resources */ = {isa = PBXBuildFile; fileRef = EFE1D8F7204D664E005E7D1D /* Assets.xcassets */; };
		EFE1D8FB204D664E005E7D1D /* LaunchScreen.storyboard in Resources */ = {isa = PBXBuildFile; fileRef = EFE1D8F9204D664E005E7D1D /* LaunchScreen.storyboard */; };
		EFE1D906204D664F005E7D1D /* UILabelTests.swift in Sources */ = {isa = PBXBuildFile; fileRef = EFE1D905204D664F005E7D1D /* UILabelTests.swift */; };
		EFE1D911204D664F005E7D1D /* UILabelUITests.swift in Sources */ = {isa = PBXBuildFile; fileRef = EFE1D910204D664F005E7D1D /* UILabelUITests.swift */; };
/* End PBXBuildFile section */

/* Begin PBXContainerItemProxy section */
		EFE1D902204D664E005E7D1D /* PBXContainerItemProxy */ = {
			isa = PBXContainerItemProxy;
			containerPortal = EFE1D8E5204D664E005E7D1D /* Project object */;
			proxyType = 1;
			remoteGlobalIDString = EFE1D8EC204D664E005E7D1D;
			remoteInfo = UILabel;
		};
		EFE1D90D204D664F005E7D1D /* PBXContainerItemProxy */ = {
			isa = PBXContainerItemProxy;
			containerPortal = EFE1D8E5204D664E005E7D1D /* Project object */;
			proxyType = 1;
			remoteGlobalIDString = EFE1D8EC204D664E005E7D1D;
			remoteInfo = UILabel;
		};
/* End PBXContainerItemProxy section */

/* Begin PBXFileReference section */
		EFE1D8ED204D664E005E7D1D /* UILabel.app */ = {isa = PBXFileReference; explicitFileType = wrapper.application; includeInIndex = 0; path = UILabel.app; sourceTree = BUILT_PRODUCTS_DIR; };
		EFE1D8F0204D664E005E7D1D /* AppDelegate.swift */ = {isa = PBXFileReference; lastKnownFileType = sourcecode.swift; path = AppDelegate.swift; sourceTree = "<group>"; };
		EFE1D8F2204D664E005E7D1D /* ViewController.swift */ = {isa = PBXFileReference; lastKnownFileType = sourcecode.swift; path = ViewController.swift; sourceTree = "<group>"; };
		EFE1D8F5204D664E005E7D1D /* Base */ = {isa = PBXFileReference; lastKnownFileType = file.storyboard; name = Base; path = Base.lproj/Main.storyboard; sourceTree = "<group>"; };
		EFE1D8F7204D664E005E7D1D /* Assets.xcassets */ = {isa = PBXFileReference; lastKnownFileType = folder.assetcatalog; path = Assets.xcassets; sourceTree = "<group>"; };
		EFE1D8FA204D664E005E7D1D /* Base */ = {isa = PBXFileReference; lastKnownFileType = file.storyboard; name = Base; path = Base.lproj/LaunchScreen.storyboard; sourceTree = "<group>"; };
		EFE1D8FC204D664E005E7D1D /* Info.plist */ = {isa = PBXFileReference; lastKnownFileType = text.plist.xml; path = Info.plist; sourceTree = "<group>"; };
		EFE1D901204D664E005E7D1D /* UILabelTests.xctest */ = {isa = PBXFileReference; explicitFileType = wrapper.cfbundle; includeInIndex = 0; path = UILabelTests.xctest; sourceTree = BUILT_PRODUCTS_DIR; };
		EFE1D905204D664F005E7D1D /* UILabelTests.swift */ = {isa = PBXFileReference; lastKnownFileType = sourcecode.swift; path = UILabelTests.swift; sourceTree = "<group>"; };
		EFE1D907204D664F005E7D1D /* Info.plist */ = {isa = PBXFileReference; lastKnownFileType = text.plist.xml; path = Info.plist; sourceTree = "<group>"; };
		EFE1D90C204D664F005E7D1D /* UILabelUITests.xctest */ = {isa = PBXFileReference; explicitFileType = wrapper.cfbundle; includeInIndex = 0; path = UILabelUITests.xctest; sourceTree = BUILT_PRODUCTS_DIR; };
		EFE1D910204D664F005E7D1D /* UILabelUITests.swift */ = {isa = PBXFileReference; lastKnownFileType = sourcecode.swift; path = UILabelUITests.swift; sourceTree = "<group>"; };
		EFE1D912204D664F005E7D1D /* Info.plist */ = {isa = PBXFileReference; lastKnownFileType = text.plist.xml; path = Info.plist; sourceTree = "<group>"; };
/* End PBXFileReference section */

/* Begin PBXFrameworksBuildPhase section */
		EFE1D8EA204D664E005E7D1D /* Frameworks */ = {
			isa = PBXFrameworksBuildPhase;
			buildActionMask = 2147483647;
			files = (
			);
			runOnlyForDeploymentPostprocessing = 0;
		};
		EFE1D8FE204D664E005E7D1D /* Frameworks */ = {
			isa = PBXFrameworksBuildPhase;
			buildActionMask = 2147483647;
			files = (
			);
			runOnlyForDeploymentPostprocessing = 0;
		};
		EFE1D909204D664F005E7D1D /* Frameworks */ = {
			isa = PBXFrameworksBuildPhase;
			buildActionMask = 2147483647;
			files = (
			);
			runOnlyForDeploymentPostprocessing = 0;
		};
/* End PBXFrameworksBuildPhase section */

/* Begin PBXGroup section */
		EFE1D8E4204D664E005E7D1D = {
			isa = PBXGroup;
			children = (
				EFE1D8EF204D664E005E7D1D /* UILabel */,
				EFE1D904204D664E005E7D1D /* UILabelTests */,
				EFE1D90F204D664F005E7D1D /* UILabelUITests */,
				EFE1D8EE204D664E005E7D1D /* Products */,
			);
			sourceTree = "<group>";
		};
		EFE1D8EE204D664E005E7D1D /* Products */ = {
			isa = PBXGroup;
			children = (
				EFE1D8ED204D664E005E7D1D /* UILabel.app */,
				EFE1D901204D664E005E7D1D /* UILabelTests.xctest */,
				EFE1D90C204D664F005E7D1D /* UILabelUITests.xctest */,
			);
			name = Products;
			sourceTree = "<group>";
		};
		EFE1D8EF204D664E005E7D1D /* UILabel */ = {
			isa = PBXGroup;
			children = (
				EFE1D8F0204D664E005E7D1D /* AppDelegate.swift */,
				EFE1D8F2204D664E005E7D1D /* ViewController.swift */,
				EFE1D8F4204D664E005E7D1D /* Main.storyboard */,
				EFE1D8F7204D664E005E7D1D /* Assets.xcassets */,
				EFE1D8F9204D664E005E7D1D /* LaunchScreen.storyboard */,
				EFE1D8FC204D664E005E7D1D /* Info.plist */,
			);
			path = UILabel;
			sourceTree = "<group>";
		};
		EFE1D904204D664E005E7D1D /* UILabelTests */ = {
			isa = PBXGroup;
			children = (
				EFE1D905204D664F005E7D1D /* UILabelTests.swift */,
				EFE1D907204D664F005E7D1D /* Info.plist */,
			);
			path = UILabelTests;
			sourceTree = "<group>";
		};
		EFE1D90F204D664F005E7D1D /* UILabelUITests */ = {
			isa = PBXGroup;
			children = (
				EFE1D910204D664F005E7D1D /* UILabelUITests.swift */,
				EFE1D912204D664F005E7D1D /* Info.plist */,
			);
			path = UILabelUITests;
			sourceTree = "<group>";
		};
/* End PBXGroup section */

/* Begin PBXNativeTarget section */
		EFE1D8EC204D664E005E7D1D /* UILabel */ = {
			isa = PBXNativeTarget;
			buildConfigurationList = EFE1D915204D664F005E7D1D /* Build configuration list for PBXNativeTarget "UILabel" */;
			buildPhases = (
				EFE1D8E9204D664E005E7D1D /* Sources */,
				EFE1D8EA204D664E005E7D1D /* Frameworks */,
				EFE1D8EB204D664E005E7D1D /* Resources */,
			);
			buildRules = (
			);
			dependencies = (
			);
			name = UILabel;
			productName = UILabel;
			productReference = EFE1D8ED204D664E005E7D1D /* UILabel.app */;
			productType = "com.apple.product-type.application";
		};
		EFE1D900204D664E005E7D1D /* UILabelTests */ = {
			isa = PBXNativeTarget;
			buildConfigurationList = EFE1D918204D664F005E7D1D /* Build configuration list for PBXNativeTarget "UILabelTests" */;
			buildPhases = (
				EFE1D8FD204D664E005E7D1D /* Sources */,
				EFE1D8FE204D664E005E7D1D /* Frameworks */,
				EFE1D8FF204D664E005E7D1D /* Resources */,
			);
			buildRules = (
			);
			dependencies = (
				EFE1D903204D664E005E7D1D /* PBXTargetDependency */,
			);
			name = UILabelTests;
			productName = UILabelTests;
			productReference = EFE1D901204D664E005E7D1D /* UILabelTests.xctest */;
			productType = "com.apple.product-type.bundle.unit-test";
		};
		EFE1D90B204D664F005E7D1D /* UILabelUITests */ = {
			isa = PBXNativeTarget;
			buildConfigurationList = EFE1D91B204D664F005E7D1D /* Build configuration list for PBXNativeTarget "UILabelUITests" */;
			buildPhases = (
				EFE1D908204D664F005E7D1D /* Sources */,
				EFE1D909204D664F005E7D1D /* Frameworks */,
				EFE1D90A204D664F005E7D1D /* Resources */,
			);
			buildRules = (
			);
			dependencies = (
				EFE1D90E204D664F005E7D1D /* PBXTargetDependency */,
			);
			name = UILabelUITests;
			productName = UILabelUITests;
			productReference = EFE1D90C204D664F005E7D1D /* UILabelUITests.xctest */;
			productType = "com.apple.product-type.bundle.ui-testing";
		};
/* End PBXNativeTarget section */

/* Begin PBXProject section */
		EFE1D8E5204D664E005E7D1D /* Project object */ = {
			isa = PBXProject;
			attributes = {
				LastSwiftUpdateCheck = 0920;
				LastUpgradeCheck = 0920;
				ORGANIZATIONNAME = SoonhoKoh;
				TargetAttributes = {
					EFE1D8EC204D664E005E7D1D = {
						CreatedOnToolsVersion = 9.2;
						ProvisioningStyle = Automatic;
					};
					EFE1D900204D664E005E7D1D = {
						CreatedOnToolsVersion = 9.2;
						ProvisioningStyle = Automatic;
						TestTargetID = EFE1D8EC204D664E005E7D1D;
					};
					EFE1D90B204D664F005E7D1D = {
						CreatedOnToolsVersion = 9.2;
						ProvisioningStyle = Automatic;
						TestTargetID = EFE1D8EC204D664E005E7D1D;
					};
				};
			};
			buildConfigurationList = EFE1D8E8204D664E005E7D1D /* Build configuration list for PBXProject "UILabel" */;
			compatibilityVersion = "Xcode 8.0";
			developmentRegion = en;
			hasScannedForEncodings = 0;
			knownRegions = (
				en,
				Base,
			);
			mainGroup = EFE1D8E4204D664E005E7D1D;
			productRefGroup = EFE1D8EE204D664E005E7D1D /* Products */;
			projectDirPath = "";
			projectRoot = "";
			targets = (
				EFE1D8EC204D664E005E7D1D /* UILabel */,
				EFE1D900204D664E005E7D1D /* UILabelTests */,
				EFE1D90B204D664F005E7D1D /* UILabelUITests */,
			);
		};
/* End PBXProject section */

/* Begin PBXResourcesBuildPhase section */
		EFE1D8EB204D664E005E7D1D /* Resources */ = {
			isa = PBXResourcesBuildPhase;
			buildActionMask = 2147483647;
			files = (
				EFE1D8FB204D664E005E7D1D /* LaunchScreen.storyboard in Resources */,
				EFE1D8F8204D664E005E7D1D /* Assets.xcassets in Resources */,
				EFE1D8F6204D664E005E7D1D /* Main.storyboard in Resources */,
			);
			runOnlyForDeploymentPostprocessing = 0;
		};
		EFE1D8FF204D664E005E7D1D /* Resources */ = {
			isa = PBXResourcesBuildPhase;
			buildActionMask = 2147483647;
			files = (
			);
			runOnlyForDeploymentPostprocessing = 0;
		};
		EFE1D90A204D664F005E7D1D /* Resources */ = {
			isa = PBXResourcesBuildPhase;
			buildActionMask = 2147483647;
			files = (
			);
			runOnlyForDeploymentPostprocessing = 0;
		};
/* End PBXResourcesBuildPhase section */

/* Begin PBXSourcesBuildPhase section */
		EFE1D8E9204D664E005E7D1D /* Sources */ = {
			isa = PBXSourcesBuildPhase;
			buildActionMask = 2147483647;
			files = (
				EFE1D8F3204D664E005E7D1D /* ViewController.swift in Sources */,
				EFE1D8F1204D664E005E7D1D /* AppDelegate.swift in Sources */,
			);
			runOnlyForDeploymentPostprocessing = 0;
		};
		EFE1D8FD204D664E005E7D1D /* Sources */ = {
			isa = PBXSourcesBuildPhase;
			buildActionMask = 2147483647;
			files = (
				EFE1D906204D664F005E7D1D /* UILabelTests.swift in Sources */,
			);
			runOnlyForDeploymentPostprocessing = 0;
		};
		EFE1D908204D664F005E7D1D /* Sources */ = {
			isa = PBXSourcesBuildPhase;
			buildActionMask = 2147483647;
			files = (
				EFE1D911204D664F005E7D1D /* UILabelUITests.swift in Sources */,
			);
			runOnlyForDeploymentPostprocessing = 0;
		};
/* End PBXSourcesBuildPhase section */

/* Begin PBXTargetDependency section */
		EFE1D903204D664E005E7D1D /* PBXTargetDependency */ = {
			isa = PBXTargetDependency;
			target = EFE1D8EC204D664E005E7D1D /* UILabel */;
			targetProxy = EFE1D902204D664E005E7D1D /* PBXContainerItemProxy */;
		};
		EFE1D90E204D664F005E7D1D /* PBXTargetDependency */ = {
			isa = PBXTargetDependency;
			target = EFE1D8EC204D664E005E7D1D /* UILabel */;
			targetProxy = EFE1D90D204D664F005E7D1D /* PBXContainerItemProxy */;
		};
/* End PBXTargetDependency section */

/* Begin PBXVariantGroup section */
		EFE1D8F4204D664E005E7D1D /* Main.storyboard */ = {
			isa = PBXVariantGroup;
			children = (
				EFE1D8F5204D664E005E7D1D /* Base */,
			);
			name = Main.storyboard;
			sourceTree = "<group>";
		};
		EFE1D8F9204D664E005E7D1D /* LaunchScreen.storyboard */ = {
			isa = PBXVariantGroup;
			children = (
				EFE1D8FA204D664E005E7D1D /* Base */,
			);
			name = LaunchScreen.storyboard;
			sourceTree = "<group>";
		};
/* End PBXVariantGroup section */

/* Begin XCBuildConfiguration section */
		EFE1D913204D664F005E7D1D /* Debug */ = {
			isa = XCBuildConfiguration;
			buildSettings = {
				ALWAYS_SEARCH_USER_PATHS = NO;
				CLANG_ANALYZER_NONNULL = YES;
				CLANG_ANALYZER_NUMBER_OBJECT_CONVERSION = YES_AGGRESSIVE;
				CLANG_CXX_LANGUAGE_STANDARD = "gnu++14";
				CLANG_CXX_LIBRARY = "libc++";
				CLANG_ENABLE_MODULES = YES;
				CLANG_ENABLE_OBJC_ARC = YES;
				CLANG_WARN_BLOCK_CAPTURE_AUTORELEASING = YES;
				CLANG_WARN_BOOL_CONVERSION = YES;
				CLANG_WARN_COMMA = YES;
				CLANG_WARN_CONSTANT_CONVERSION = YES;
				CLANG_WARN_DIRECT_OBJC_ISA_USAGE = YES_ERROR;
				CLANG_WARN_DOCUMENTATION_COMMENTS = YES;
				CLANG_WARN_EMPTY_BODY = YES;
				CLANG_WARN_ENUM_CONVERSION = YES;
				CLANG_WARN_INFINITE_RECURSION = YES;
				CLANG_WARN_INT_CONVERSION = YES;
				CLANG_WARN_NON_LITERAL_NULL_CONVERSION = YES;
				CLANG_WARN_OBJC_LITERAL_CONVERSION = YES;
				CLANG_WARN_OBJC_ROOT_CLASS = YES_ERROR;
				CLANG_WARN_RANGE_LOOP_ANALYSIS = YES;
				CLANG_WARN_STRICT_PROTOTYPES = YES;
				CLANG_WARN_SUSPICIOUS_MOVE = YES;
				CLANG_WARN_UNGUARDED_AVAILABILITY = YES_AGGRESSIVE;
				CLANG_WARN_UNREACHABLE_CODE = YES;
				CLANG_WARN__DUPLICATE_METHOD_MATCH = YES;
				CODE_SIGN_IDENTITY = "iPhone Developer";
				COPY_PHASE_STRIP = NO;
				DEBUG_INFORMATION_FORMAT = dwarf;
				ENABLE_STRICT_OBJC_MSGSEND = YES;
				ENABLE_TESTABILITY = YES;
				GCC_C_LANGUAGE_STANDARD = gnu11;
				GCC_DYNAMIC_NO_PIC = NO;
				GCC_NO_COMMON_BLOCKS = YES;
				GCC_OPTIMIZATION_LEVEL = 0;
				GCC_PREPROCESSOR_DEFINITIONS = (
					"DEBUG=1",
					"$(inherited)",
				);
				GCC_WARN_64_TO_32_BIT_CONVERSION = YES;
				GCC_WARN_ABOUT_RETURN_TYPE = YES_ERROR;
				GCC_WARN_UNDECLARED_SELECTOR = YES;
				GCC_WARN_UNINITIALIZED_AUTOS = YES_AGGRESSIVE;
				GCC_WARN_UNUSED_FUNCTION = YES;
				GCC_WARN_UNUSED_VARIABLE = YES;
				IPHONEOS_DEPLOYMENT_TARGET = 11.2;
				MTL_ENABLE_DEBUG_INFO = YES;
				ONLY_ACTIVE_ARCH = YES;
				SDKROOT = iphoneos;
				SWIFT_ACTIVE_COMPILATION_CONDITIONS = DEBUG;
				SWIFT_OPTIMIZATION_LEVEL = "-Onone";
			};
			name = Debug;
		};
		EFE1D914204D664F005E7D1D /* Release */ = {
			isa = XCBuildConfiguration;
			buildSettings = {
				ALWAYS_SEARCH_USER_PATHS = NO;
				CLANG_ANALYZER_NONNULL = YES;
				CLANG_ANALYZER_NUMBER_OBJECT_CONVERSION = YES_AGGRESSIVE;
				CLANG_CXX_LANGUAGE_STANDARD = "gnu++14";
				CLANG_CXX_LIBRARY = "libc++";
				CLANG_ENABLE_MODULES = YES;
				CLANG_ENABLE_OBJC_ARC = YES;
				CLANG_WARN_BLOCK_CAPTURE_AUTORELEASING = YES;
				CLANG_WARN_BOOL_CONVERSION = YES;
				CLANG_WARN_COMMA = YES;
				CLANG_WARN_CONSTANT_CONVERSION = YES;
				CLANG_WARN_DIRECT_OBJC_ISA_USAGE = YES_ERROR;
				CLANG_WARN_DOCUMENTATION_COMMENTS = YES;
				CLANG_WARN_EMPTY_BODY = YES;
				CLANG_WARN_ENUM_CONVERSION = YES;
				CLANG_WARN_INFINITE_RECURSION = YES;
				CLANG_WARN_INT_CONVERSION = YES;
				CLANG_WARN_NON_LITERAL_NULL_CONVERSION = YES;
				CLANG_WARN_OBJC_LITERAL_CONVERSION = YES;
				CLANG_WARN_OBJC_ROOT_CLASS = YES_ERROR;
				CLANG_WARN_RANGE_LOOP_ANALYSIS = YES;
				CLANG_WARN_STRICT_PROTOTYPES = YES;
				CLANG_WARN_SUSPICIOUS_MOVE = YES;
				CLANG_WARN_UNGUARDED_AVAILABILITY = YES_AGGRESSIVE;
				CLANG_WARN_UNREACHABLE_CODE = YES;
				CLANG_WARN__DUPLICATE_METHOD_MATCH = YES;
				CODE_SIGN_IDENTITY = "iPhone Developer";
				COPY_PHASE_STRIP = NO;
				DEBUG_INFORMATION_FORMAT = "dwarf-with-dsym";
				ENABLE_NS_ASSERTIONS = NO;
				ENABLE_STRICT_OBJC_MSGSEND = YES;
				GCC_C_LANGUAGE_STANDARD = gnu11;
				GCC_NO_COMMON_BLOCKS = YES;
				GCC_WARN_64_TO_32_BIT_CONVERSION = YES;
				GCC_WARN_ABOUT_RETURN_TYPE = YES_ERROR;
				GCC_WARN_UNDECLARED_SELECTOR = YES;
				GCC_WARN_UNINITIALIZED_AUTOS = YES_AGGRESSIVE;
				GCC_WARN_UNUSED_FUNCTION = YES;
				GCC_WARN_UNUSED_VARIABLE = YES;
				IPHONEOS_DEPLOYMENT_TARGET = 11.2;
				MTL_ENABLE_DEBUG_INFO = NO;
				SDKROOT = iphoneos;
				SWIFT_OPTIMIZATION_LEVEL = "-Owholemodule";
				VALIDATE_PRODUCT = YES;
			};
			name = Release;
		};
		EFE1D916204D664F005E7D1D /* Debug */ = {
			isa = XCBuildConfiguration;
			buildSettings = {
				ASSETCATALOG_COMPILER_APPICON_NAME = AppIcon;
				CODE_SIGN_STYLE = Automatic;
				DEVELOPMENT_TEAM = 6785MLV8GV;
				INFOPLIST_FILE = UILabel/Info.plist;
				LD_RUNPATH_SEARCH_PATHS = "$(inherited) @executable_path/Frameworks";
				PRODUCT_BUNDLE_IDENTIFIER = com.gmail.millerttime60.UILabel;
				PRODUCT_NAME = "$(TARGET_NAME)";
				SWIFT_VERSION = 4.0;
				TARGETED_DEVICE_FAMILY = "1,2";
			};
			name = Debug;
		};
		EFE1D917204D664F005E7D1D /* Release */ = {
			isa = XCBuildConfiguration;
			buildSettings = {
				ASSETCATALOG_COMPILER_APPICON_NAME = AppIcon;
				CODE_SIGN_STYLE = Automatic;
				DEVELOPMENT_TEAM = 6785MLV8GV;
				INFOPLIST_FILE = UILabel/Info.plist;
				LD_RUNPATH_SEARCH_PATHS = "$(inherited) @executable_path/Frameworks";
				PRODUCT_BUNDLE_IDENTIFIER = com.gmail.millerttime60.UILabel;
				PRODUCT_NAME = "$(TARGET_NAME)";
				SWIFT_VERSION = 4.0;
				TARGETED_DEVICE_FAMILY = "1,2";
			};
			name = Release;
		};
		EFE1D919204D664F005E7D1D /* Debug */ = {
			isa = XCBuildConfiguration;
			buildSettings = {
				ALWAYS_EMBED_SWIFT_STANDARD_LIBRARIES = YES;
				BUNDLE_LOADER = "$(TEST_HOST)";
				CODE_SIGN_STYLE = Automatic;
				DEVELOPMENT_TEAM = 6785MLV8GV;
				INFOPLIST_FILE = UILabelTests/Info.plist;
				LD_RUNPATH_SEARCH_PATHS = "$(inherited) @executable_path/Frameworks @loader_path/Frameworks";
				PRODUCT_BUNDLE_IDENTIFIER = com.gmail.millerttime60.UILabelTests;
				PRODUCT_NAME = "$(TARGET_NAME)";
				SWIFT_VERSION = 4.0;
				TARGETED_DEVICE_FAMILY = "1,2";
				TEST_HOST = "$(BUILT_PRODUCTS_DIR)/UILabel.app/UILabel";
			};
			name = Debug;
		};
		EFE1D91A204D664F005E7D1D /* Release */ = {
			isa = XCBuildConfiguration;
			buildSettings = {
				ALWAYS_EMBED_SWIFT_STANDARD_LIBRARIES = YES;
				BUNDLE_LOADER = "$(TEST_HOST)";
				CODE_SIGN_STYLE = Automatic;
				DEVELOPMENT_TEAM = 6785MLV8GV;
				INFOPLIST_FILE = UILabelTests/Info.plist;
				LD_RUNPATH_SEARCH_PATHS = "$(inherited) @executable_path/Frameworks @loader_path/Frameworks";
				PRODUCT_BUNDLE_IDENTIFIER = com.gmail.millerttime60.UILabelTests;
				PRODUCT_NAME = "$(TARGET_NAME)";
				SWIFT_VERSION = 4.0;
				TARGETED_DEVICE_FAMILY = "1,2";
				TEST_HOST = "$(BUILT_PRODUCTS_DIR)/UILabel.app/UILabel";
			};
			name = Release;
		};
		EFE1D91C204D664F005E7D1D /* Debug */ = {
			isa = XCBuildConfiguration;
			buildSettings = {
				ALWAYS_EMBED_SWIFT_STANDARD_LIBRARIES = YES;
				CODE_SIGN_STYLE = Automatic;
				DEVELOPMENT_TEAM = 6785MLV8GV;
				INFOPLIST_FILE = UILabelUITests/Info.plist;
				LD_RUNPATH_SEARCH_PATHS = "$(inherited) @executable_path/Frameworks @loader_path/Frameworks";
				PRODUCT_BUNDLE_IDENTIFIER = com.gmail.millerttime60.UILabelUITests;
				PRODUCT_NAME = "$(TARGET_NAME)";
				SWIFT_VERSION = 4.0;
				TARGETED_DEVICE_FAMILY = "1,2";
				TEST_TARGET_NAME = UILabel;
			};
			name = Debug;
		};
		EFE1D91D204D664F005E7D1D /* Release */ = {
			isa = XCBuildConfiguration;
			buildSettings = {
				ALWAYS_EMBED_SWIFT_STANDARD_LIBRARIES = YES;
				CODE_SIGN_STYLE = Automatic;
				DEVELOPMENT_TEAM = 6785MLV8GV;
				INFOPLIST_FILE = UILabelUITests/Info.plist;
				LD_RUNPATH_SEARCH_PATHS = "$(inherited) @executable_path/Frameworks @loader_path/Frameworks";
				PRODUCT_BUNDLE_IDENTIFIER = com.gmail.millerttime60.UILabelUITests;
				PRODUCT_NAME = "$(TARGET_NAME)";
				SWIFT_VERSION = 4.0;
				TARGETED_DEVICE_FAMILY = "1,2";
				TEST_TARGET_NAME = UILabel;
			};
			name = Release;
		};
/* End XCBuildConfiguration section */

/* Begin XCConfigurationList section */
		EFE1D8E8204D664E005E7D1D /* Build configuration list for PBXProject "UILabel" */ = {
			isa = XCConfigurationList;
			buildConfigurations = (
				EFE1D913204D664F005E7D1D /* Debug */,
				EFE1D914204D664F005E7D1D /* Release */,
			);
			defaultConfigurationIsVisible = 0;
			defaultConfigurationName = Release;
		};
		EFE1D915204D664F005E7D1D /* Build configuration list for PBXNativeTarget "UILabel" */ = {
			isa = XCConfigurationList;
			buildConfigurations = (
				EFE1D916204D664F005E7D1D /* Debug */,
				EFE1D917204D664F005E7D1D /* Release */,
			);
			defaultConfigurationIsVisible = 0;
			defaultConfigurationName = Release;
		};
		EFE1D918204D664F005E7D1D /* Build configuration list for PBXNativeTarget "UILabelTests" */ = {
			isa = XCConfigurationList;
			buildConfigurations = (
				EFE1D919204D664F005E7D1D /* Debug */,
				EFE1D91A204D664F005E7D1D /* Release */,
			);
			defaultConfigurationIsVisible = 0;
			defaultConfigurationName = Release;
		};
		EFE1D91B204D664F005E7D1D /* Build configuration list for PBXNativeTarget "UILabelUITests" */ = {
			isa = XCConfigurationList;
			buildConfigurations = (
				EFE1D91C204D664F005E7D1D /* Debug */,
				EFE1D91D204D664F005E7D1D /* Release */,
			);
			defaultConfigurationIsVisible = 0;
			defaultConfigurationName = Release;
		};
/* End XCConfigurationList section */
	};
	rootObject = EFE1D8E5204D664E005E7D1D /* Project object */;
}
