// !$*UTF8*$!
{
	archiveVersion = 1;
	classes = {
	};
	objectVersion = 48;
	objects = {

/* Begin PBXBuildFile section */
		4D58D3A6285785DB980B6924 /* Pods_CalculatorUITests.framework in Frameworks */ = {isa = PBXBuildFile; fileRef = E53DE05641DC7B8FA2BEBAD3 /* Pods_CalculatorUITests.framework */; };
		71DF49EF56745D483A4AF883 /* Pods_Calculator.framework in Frameworks */ = {isa = PBXBuildFile; fileRef = AE23D448BFB66007387E64D4 /* Pods_Calculator.framework */; };
		EF48BC490CEB00F77A523EB8 /* Pods_CalculatorTests.framework in Frameworks */ = {isa = PBXBuildFile; fileRef = FE997DC68B3C33B2C0A13DC1 /* Pods_CalculatorTests.framework */; };
		EF4B64A4201C7D0800947C6C /* AppDelegate.swift in Sources */ = {isa = PBXBuildFile; fileRef = EF4B64A3201C7D0800947C6C /* AppDelegate.swift */; };
		EF4B64A6201C7D0800947C6C /* ViewController.swift in Sources */ = {isa = PBXBuildFile; fileRef = EF4B64A5201C7D0800947C6C /* ViewController.swift */; };
		EF4B64A9201C7D0800947C6C /* Main.storyboard in Resources */ = {isa = PBXBuildFile; fileRef = EF4B64A7201C7D0800947C6C /* Main.storyboard */; };
		EF4B64AB201C7D0800947C6C /* Assets.xcassets in Resources */ = {isa = PBXBuildFile; fileRef = EF4B64AA201C7D0800947C6C /* Assets.xcassets */; };
		EF4B64AE201C7D0800947C6C /* LaunchScreen.storyboard in Resources */ = {isa = PBXBuildFile; fileRef = EF4B64AC201C7D0800947C6C /* LaunchScreen.storyboard */; };
		EF4B64B9201C7D0800947C6C /* CalculatorTests.swift in Sources */ = {isa = PBXBuildFile; fileRef = EF4B64B8201C7D0800947C6C /* CalculatorTests.swift */; };
		EF4B64C4201C7D0800947C6C /* CalculatorUITests.swift in Sources */ = {isa = PBXBuildFile; fileRef = EF4B64C3201C7D0800947C6C /* CalculatorUITests.swift */; };
/* End PBXBuildFile section */

/* Begin PBXContainerItemProxy section */
		EF4B64B5201C7D0800947C6C /* PBXContainerItemProxy */ = {
			isa = PBXContainerItemProxy;
			containerPortal = EF4B6498201C7D0800947C6C /* Project object */;
			proxyType = 1;
			remoteGlobalIDString = EF4B649F201C7D0800947C6C;
			remoteInfo = Calculator;
		};
		EF4B64C0201C7D0800947C6C /* PBXContainerItemProxy */ = {
			isa = PBXContainerItemProxy;
			containerPortal = EF4B6498201C7D0800947C6C /* Project object */;
			proxyType = 1;
			remoteGlobalIDString = EF4B649F201C7D0800947C6C;
			remoteInfo = Calculator;
		};
/* End PBXContainerItemProxy section */

/* Begin PBXFileReference section */
		1904318B1796EBEFD6D2BFE7 /* Pods-Calculator.release.xcconfig */ = {isa = PBXFileReference; includeInIndex = 1; lastKnownFileType = text.xcconfig; name = "Pods-Calculator.release.xcconfig"; path = "Pods/Target Support Files/Pods-Calculator/Pods-Calculator.release.xcconfig"; sourceTree = "<group>"; };
		2601AEE2B08D6035088BC9A6 /* Pods-Calculator.debug.xcconfig */ = {isa = PBXFileReference; includeInIndex = 1; lastKnownFileType = text.xcconfig; name = "Pods-Calculator.debug.xcconfig"; path = "Pods/Target Support Files/Pods-Calculator/Pods-Calculator.debug.xcconfig"; sourceTree = "<group>"; };
		488203E932AB28F8D5563986 /* Pods-CalculatorUITests.release.xcconfig */ = {isa = PBXFileReference; includeInIndex = 1; lastKnownFileType = text.xcconfig; name = "Pods-CalculatorUITests.release.xcconfig"; path = "Pods/Target Support Files/Pods-CalculatorUITests/Pods-CalculatorUITests.release.xcconfig"; sourceTree = "<group>"; };
		9D344D2BEE7C9EEAD99CC7B7 /* Pods-CalculatorTests.release.xcconfig */ = {isa = PBXFileReference; includeInIndex = 1; lastKnownFileType = text.xcconfig; name = "Pods-CalculatorTests.release.xcconfig"; path = "Pods/Target Support Files/Pods-CalculatorTests/Pods-CalculatorTests.release.xcconfig"; sourceTree = "<group>"; };
		A1358FC5C645FBE1AE0A3E6C /* Pods-CalculatorTests.debug.xcconfig */ = {isa = PBXFileReference; includeInIndex = 1; lastKnownFileType = text.xcconfig; name = "Pods-CalculatorTests.debug.xcconfig"; path = "Pods/Target Support Files/Pods-CalculatorTests/Pods-CalculatorTests.debug.xcconfig"; sourceTree = "<group>"; };
		AB1C14629C592B39A8503A38 /* Pods-CalculatorUITests.debug.xcconfig */ = {isa = PBXFileReference; includeInIndex = 1; lastKnownFileType = text.xcconfig; name = "Pods-CalculatorUITests.debug.xcconfig"; path = "Pods/Target Support Files/Pods-CalculatorUITests/Pods-CalculatorUITests.debug.xcconfig"; sourceTree = "<group>"; };
		AE23D448BFB66007387E64D4 /* Pods_Calculator.framework */ = {isa = PBXFileReference; explicitFileType = wrapper.framework; includeInIndex = 0; path = Pods_Calculator.framework; sourceTree = BUILT_PRODUCTS_DIR; };
		E53DE05641DC7B8FA2BEBAD3 /* Pods_CalculatorUITests.framework */ = {isa = PBXFileReference; explicitFileType = wrapper.framework; includeInIndex = 0; path = Pods_CalculatorUITests.framework; sourceTree = BUILT_PRODUCTS_DIR; };
		EF4B64A0201C7D0800947C6C /* Calculator.app */ = {isa = PBXFileReference; explicitFileType = wrapper.application; includeInIndex = 0; path = Calculator.app; sourceTree = BUILT_PRODUCTS_DIR; };
		EF4B64A3201C7D0800947C6C /* AppDelegate.swift */ = {isa = PBXFileReference; lastKnownFileType = sourcecode.swift; path = AppDelegate.swift; sourceTree = "<group>"; };
		EF4B64A5201C7D0800947C6C /* ViewController.swift */ = {isa = PBXFileReference; lastKnownFileType = sourcecode.swift; path = ViewController.swift; sourceTree = "<group>"; };
		EF4B64A8201C7D0800947C6C /* Base */ = {isa = PBXFileReference; lastKnownFileType = file.storyboard; name = Base; path = Base.lproj/Main.storyboard; sourceTree = "<group>"; };
		EF4B64AA201C7D0800947C6C /* Assets.xcassets */ = {isa = PBXFileReference; lastKnownFileType = folder.assetcatalog; path = Assets.xcassets; sourceTree = "<group>"; };
		EF4B64AD201C7D0800947C6C /* Base */ = {isa = PBXFileReference; lastKnownFileType = file.storyboard; name = Base; path = Base.lproj/LaunchScreen.storyboard; sourceTree = "<group>"; };
		EF4B64AF201C7D0800947C6C /* Info.plist */ = {isa = PBXFileReference; lastKnownFileType = text.plist.xml; path = Info.plist; sourceTree = "<group>"; };
		EF4B64B4201C7D0800947C6C /* CalculatorTests.xctest */ = {isa = PBXFileReference; explicitFileType = wrapper.cfbundle; includeInIndex = 0; path = CalculatorTests.xctest; sourceTree = BUILT_PRODUCTS_DIR; };
		EF4B64B8201C7D0800947C6C /* CalculatorTests.swift */ = {isa = PBXFileReference; lastKnownFileType = sourcecode.swift; path = CalculatorTests.swift; sourceTree = "<group>"; };
		EF4B64BA201C7D0800947C6C /* Info.plist */ = {isa = PBXFileReference; lastKnownFileType = text.plist.xml; path = Info.plist; sourceTree = "<group>"; };
		EF4B64BF201C7D0800947C6C /* CalculatorUITests.xctest */ = {isa = PBXFileReference; explicitFileType = wrapper.cfbundle; includeInIndex = 0; path = CalculatorUITests.xctest; sourceTree = BUILT_PRODUCTS_DIR; };
		EF4B64C3201C7D0800947C6C /* CalculatorUITests.swift */ = {isa = PBXFileReference; lastKnownFileType = sourcecode.swift; path = CalculatorUITests.swift; sourceTree = "<group>"; };
		EF4B64C5201C7D0800947C6C /* Info.plist */ = {isa = PBXFileReference; lastKnownFileType = text.plist.xml; path = Info.plist; sourceTree = "<group>"; };
		FE997DC68B3C33B2C0A13DC1 /* Pods_CalculatorTests.framework */ = {isa = PBXFileReference; explicitFileType = wrapper.framework; includeInIndex = 0; path = Pods_CalculatorTests.framework; sourceTree = BUILT_PRODUCTS_DIR; };
/* End PBXFileReference section */

/* Begin PBXFrameworksBuildPhase section */
		EF4B649D201C7D0800947C6C /* Frameworks */ = {
			isa = PBXFrameworksBuildPhase;
			buildActionMask = 2147483647;
			files = (
				71DF49EF56745D483A4AF883 /* Pods_Calculator.framework in Frameworks */,
			);
			runOnlyForDeploymentPostprocessing = 0;
		};
		EF4B64B1201C7D0800947C6C /* Frameworks */ = {
			isa = PBXFrameworksBuildPhase;
			buildActionMask = 2147483647;
			files = (
				EF48BC490CEB00F77A523EB8 /* Pods_CalculatorTests.framework in Frameworks */,
			);
			runOnlyForDeploymentPostprocessing = 0;
		};
		EF4B64BC201C7D0800947C6C /* Frameworks */ = {
			isa = PBXFrameworksBuildPhase;
			buildActionMask = 2147483647;
			files = (
				4D58D3A6285785DB980B6924 /* Pods_CalculatorUITests.framework in Frameworks */,
			);
			runOnlyForDeploymentPostprocessing = 0;
		};
/* End PBXFrameworksBuildPhase section */

/* Begin PBXGroup section */
		731748170BBB221EC2493A65 /* Pods */ = {
			isa = PBXGroup;
			children = (
				2601AEE2B08D6035088BC9A6 /* Pods-Calculator.debug.xcconfig */,
				1904318B1796EBEFD6D2BFE7 /* Pods-Calculator.release.xcconfig */,
				A1358FC5C645FBE1AE0A3E6C /* Pods-CalculatorTests.debug.xcconfig */,
				9D344D2BEE7C9EEAD99CC7B7 /* Pods-CalculatorTests.release.xcconfig */,
				AB1C14629C592B39A8503A38 /* Pods-CalculatorUITests.debug.xcconfig */,
				488203E932AB28F8D5563986 /* Pods-CalculatorUITests.release.xcconfig */,
			);
			name = Pods;
			sourceTree = "<group>";
		};
		E81D266D8CC78F02A86DF764 /* Frameworks */ = {
			isa = PBXGroup;
			children = (
				AE23D448BFB66007387E64D4 /* Pods_Calculator.framework */,
				FE997DC68B3C33B2C0A13DC1 /* Pods_CalculatorTests.framework */,
				E53DE05641DC7B8FA2BEBAD3 /* Pods_CalculatorUITests.framework */,
			);
			name = Frameworks;
			sourceTree = "<group>";
		};
		EF4B6497201C7D0800947C6C = {
			isa = PBXGroup;
			children = (
				EF4B64A2201C7D0800947C6C /* Calculator */,
				EF4B64B7201C7D0800947C6C /* CalculatorTests */,
				EF4B64C2201C7D0800947C6C /* CalculatorUITests */,
				EF4B64A1201C7D0800947C6C /* Products */,
				731748170BBB221EC2493A65 /* Pods */,
				E81D266D8CC78F02A86DF764 /* Frameworks */,
			);
			sourceTree = "<group>";
		};
		EF4B64A1201C7D0800947C6C /* Products */ = {
			isa = PBXGroup;
			children = (
				EF4B64A0201C7D0800947C6C /* Calculator.app */,
				EF4B64B4201C7D0800947C6C /* CalculatorTests.xctest */,
				EF4B64BF201C7D0800947C6C /* CalculatorUITests.xctest */,
			);
			name = Products;
			sourceTree = "<group>";
		};
		EF4B64A2201C7D0800947C6C /* Calculator */ = {
			isa = PBXGroup;
			children = (
				EF4B64A3201C7D0800947C6C /* AppDelegate.swift */,
				EF4B64A5201C7D0800947C6C /* ViewController.swift */,
				EF4B64A7201C7D0800947C6C /* Main.storyboard */,
				EF4B64AA201C7D0800947C6C /* Assets.xcassets */,
				EF4B64AC201C7D0800947C6C /* LaunchScreen.storyboard */,
				EF4B64AF201C7D0800947C6C /* Info.plist */,
			);
			path = Calculator;
			sourceTree = "<group>";
		};
		EF4B64B7201C7D0800947C6C /* CalculatorTests */ = {
			isa = PBXGroup;
			children = (
				EF4B64B8201C7D0800947C6C /* CalculatorTests.swift */,
				EF4B64BA201C7D0800947C6C /* Info.plist */,
			);
			path = CalculatorTests;
			sourceTree = "<group>";
		};
		EF4B64C2201C7D0800947C6C /* CalculatorUITests */ = {
			isa = PBXGroup;
			children = (
				EF4B64C3201C7D0800947C6C /* CalculatorUITests.swift */,
				EF4B64C5201C7D0800947C6C /* Info.plist */,
			);
			path = CalculatorUITests;
			sourceTree = "<group>";
		};
/* End PBXGroup section */

/* Begin PBXNativeTarget section */
		EF4B649F201C7D0800947C6C /* Calculator */ = {
			isa = PBXNativeTarget;
			buildConfigurationList = EF4B64C8201C7D0800947C6C /* Build configuration list for PBXNativeTarget "Calculator" */;
			buildPhases = (
				6A7C2A29687FB39E5D387823 /* [CP] Check Pods Manifest.lock */,
				EF4B649C201C7D0800947C6C /* Sources */,
				EF4B649D201C7D0800947C6C /* Frameworks */,
				EF4B649E201C7D0800947C6C /* Resources */,
				43C0144483F81C3439BFC404 /* [CP] Embed Pods Frameworks */,
				E2D11B1727066ED56248A218 /* [CP] Copy Pods Resources */,
			);
			buildRules = (
			);
			dependencies = (
			);
			name = Calculator;
			productName = Calculator;
			productReference = EF4B64A0201C7D0800947C6C /* Calculator.app */;
			productType = "com.apple.product-type.application";
		};
		EF4B64B3201C7D0800947C6C /* CalculatorTests */ = {
			isa = PBXNativeTarget;
			buildConfigurationList = EF4B64CB201C7D0800947C6C /* Build configuration list for PBXNativeTarget "CalculatorTests" */;
			buildPhases = (
				FA013026F28EC91F2C5847C6 /* [CP] Check Pods Manifest.lock */,
				EF4B64B0201C7D0800947C6C /* Sources */,
				EF4B64B1201C7D0800947C6C /* Frameworks */,
				EF4B64B2201C7D0800947C6C /* Resources */,
				5DF9EEACAF7927B14E5EF758 /* [CP] Embed Pods Frameworks */,
				A735D98C8E3619A3A592BDC8 /* [CP] Copy Pods Resources */,
			);
			buildRules = (
			);
			dependencies = (
				EF4B64B6201C7D0800947C6C /* PBXTargetDependency */,
			);
			name = CalculatorTests;
			productName = CalculatorTests;
			productReference = EF4B64B4201C7D0800947C6C /* CalculatorTests.xctest */;
			productType = "com.apple.product-type.bundle.unit-test";
		};
		EF4B64BE201C7D0800947C6C /* CalculatorUITests */ = {
			isa = PBXNativeTarget;
			buildConfigurationList = EF4B64CE201C7D0800947C6C /* Build configuration list for PBXNativeTarget "CalculatorUITests" */;
			buildPhases = (
				A2ED1404324D155B993F9C9D /* [CP] Check Pods Manifest.lock */,
				EF4B64BB201C7D0800947C6C /* Sources */,
				EF4B64BC201C7D0800947C6C /* Frameworks */,
				EF4B64BD201C7D0800947C6C /* Resources */,
				1590600E885070D9E239C5E7 /* [CP] Embed Pods Frameworks */,
				5D69D405D216255E8982D780 /* [CP] Copy Pods Resources */,
			);
			buildRules = (
			);
			dependencies = (
				EF4B64C1201C7D0800947C6C /* PBXTargetDependency */,
			);
			name = CalculatorUITests;
			productName = CalculatorUITests;
			productReference = EF4B64BF201C7D0800947C6C /* CalculatorUITests.xctest */;
			productType = "com.apple.product-type.bundle.ui-testing";
		};
/* End PBXNativeTarget section */

/* Begin PBXProject section */
		EF4B6498201C7D0800947C6C /* Project object */ = {
			isa = PBXProject;
			attributes = {
				LastSwiftUpdateCheck = 0920;
				LastUpgradeCheck = 0920;
				ORGANIZATIONNAME = SoonhoKoh;
				TargetAttributes = {
					EF4B649F201C7D0800947C6C = {
						CreatedOnToolsVersion = 9.2;
						ProvisioningStyle = Automatic;
					};
					EF4B64B3201C7D0800947C6C = {
						CreatedOnToolsVersion = 9.2;
						ProvisioningStyle = Automatic;
						TestTargetID = EF4B649F201C7D0800947C6C;
					};
					EF4B64BE201C7D0800947C6C = {
						CreatedOnToolsVersion = 9.2;
						ProvisioningStyle = Automatic;
						TestTargetID = EF4B649F201C7D0800947C6C;
					};
				};
			};
			buildConfigurationList = EF4B649B201C7D0800947C6C /* Build configuration list for PBXProject "Calculator" */;
			compatibilityVersion = "Xcode 8.0";
			developmentRegion = en;
			hasScannedForEncodings = 0;
			knownRegions = (
				en,
				Base,
			);
			mainGroup = EF4B6497201C7D0800947C6C;
			productRefGroup = EF4B64A1201C7D0800947C6C /* Products */;
			projectDirPath = "";
			projectRoot = "";
			targets = (
				EF4B649F201C7D0800947C6C /* Calculator */,
				EF4B64B3201C7D0800947C6C /* CalculatorTests */,
				EF4B64BE201C7D0800947C6C /* CalculatorUITests */,
			);
		};
/* End PBXProject section */

/* Begin PBXResourcesBuildPhase section */
		EF4B649E201C7D0800947C6C /* Resources */ = {
			isa = PBXResourcesBuildPhase;
			buildActionMask = 2147483647;
			files = (
				EF4B64AE201C7D0800947C6C /* LaunchScreen.storyboard in Resources */,
				EF4B64AB201C7D0800947C6C /* Assets.xcassets in Resources */,
				EF4B64A9201C7D0800947C6C /* Main.storyboard in Resources */,
			);
			runOnlyForDeploymentPostprocessing = 0;
		};
		EF4B64B2201C7D0800947C6C /* Resources */ = {
			isa = PBXResourcesBuildPhase;
			buildActionMask = 2147483647;
			files = (
			);
			runOnlyForDeploymentPostprocessing = 0;
		};
		EF4B64BD201C7D0800947C6C /* Resources */ = {
			isa = PBXResourcesBuildPhase;
			buildActionMask = 2147483647;
			files = (
			);
			runOnlyForDeploymentPostprocessing = 0;
		};
/* End PBXResourcesBuildPhase section */

/* Begin PBXShellScriptBuildPhase section */
		1590600E885070D9E239C5E7 /* [CP] Embed Pods Frameworks */ = {
			isa = PBXShellScriptBuildPhase;
			buildActionMask = 2147483647;
			files = (
			);
			inputPaths = (
			);
			name = "[CP] Embed Pods Frameworks";
			outputPaths = (
			);
			runOnlyForDeploymentPostprocessing = 0;
			shellPath = /bin/sh;
			shellScript = "\"${SRCROOT}/Pods/Target Support Files/Pods-CalculatorUITests/Pods-CalculatorUITests-frameworks.sh\"\n";
			showEnvVarsInLog = 0;
		};
		43C0144483F81C3439BFC404 /* [CP] Embed Pods Frameworks */ = {
			isa = PBXShellScriptBuildPhase;
			buildActionMask = 2147483647;
			files = (
			);
			inputPaths = (
				"${SRCROOT}/Pods/Target Support Files/Pods-Calculator/Pods-Calculator-frameworks.sh",
				"${BUILT_PRODUCTS_DIR}/Expression/Expression.framework",
			);
			name = "[CP] Embed Pods Frameworks";
			outputPaths = (
				"${TARGET_BUILD_DIR}/${FRAMEWORKS_FOLDER_PATH}/Expression.framework",
			);
			runOnlyForDeploymentPostprocessing = 0;
			shellPath = /bin/sh;
			shellScript = "\"${SRCROOT}/Pods/Target Support Files/Pods-Calculator/Pods-Calculator-frameworks.sh\"\n";
			showEnvVarsInLog = 0;
		};
		5D69D405D216255E8982D780 /* [CP] Copy Pods Resources */ = {
			isa = PBXShellScriptBuildPhase;
			buildActionMask = 2147483647;
			files = (
			);
			inputPaths = (
			);
			name = "[CP] Copy Pods Resources";
			outputPaths = (
			);
			runOnlyForDeploymentPostprocessing = 0;
			shellPath = /bin/sh;
			shellScript = "\"${SRCROOT}/Pods/Target Support Files/Pods-CalculatorUITests/Pods-CalculatorUITests-resources.sh\"\n";
			showEnvVarsInLog = 0;
		};
		5DF9EEACAF7927B14E5EF758 /* [CP] Embed Pods Frameworks */ = {
			isa = PBXShellScriptBuildPhase;
			buildActionMask = 2147483647;
			files = (
			);
			inputPaths = (
			);
			name = "[CP] Embed Pods Frameworks";
			outputPaths = (
			);
			runOnlyForDeploymentPostprocessing = 0;
			shellPath = /bin/sh;
			shellScript = "\"${SRCROOT}/Pods/Target Support Files/Pods-CalculatorTests/Pods-CalculatorTests-frameworks.sh\"\n";
			showEnvVarsInLog = 0;
		};
		6A7C2A29687FB39E5D387823 /* [CP] Check Pods Manifest.lock */ = {
			isa = PBXShellScriptBuildPhase;
			buildActionMask = 2147483647;
			files = (
			);
			inputPaths = (
				"${PODS_PODFILE_DIR_PATH}/Podfile.lock",
				"${PODS_ROOT}/Manifest.lock",
			);
			name = "[CP] Check Pods Manifest.lock";
			outputPaths = (
				"$(DERIVED_FILE_DIR)/Pods-Calculator-checkManifestLockResult.txt",
			);
			runOnlyForDeploymentPostprocessing = 0;
			shellPath = /bin/sh;
			shellScript = "diff \"${PODS_PODFILE_DIR_PATH}/Podfile.lock\" \"${PODS_ROOT}/Manifest.lock\" > /dev/null\nif [ $? != 0 ] ; then\n    # print error to STDERR\n    echo \"error: The sandbox is not in sync with the Podfile.lock. Run 'pod install' or update your CocoaPods installation.\" >&2\n    exit 1\nfi\n# This output is used by Xcode 'outputs' to avoid re-running this script phase.\necho \"SUCCESS\" > \"${SCRIPT_OUTPUT_FILE_0}\"\n";
			showEnvVarsInLog = 0;
		};
		A2ED1404324D155B993F9C9D /* [CP] Check Pods Manifest.lock */ = {
			isa = PBXShellScriptBuildPhase;
			buildActionMask = 2147483647;
			files = (
			);
			inputPaths = (
				"${PODS_PODFILE_DIR_PATH}/Podfile.lock",
				"${PODS_ROOT}/Manifest.lock",
			);
			name = "[CP] Check Pods Manifest.lock";
			outputPaths = (
				"$(DERIVED_FILE_DIR)/Pods-CalculatorUITests-checkManifestLockResult.txt",
			);
			runOnlyForDeploymentPostprocessing = 0;
			shellPath = /bin/sh;
			shellScript = "diff \"${PODS_PODFILE_DIR_PATH}/Podfile.lock\" \"${PODS_ROOT}/Manifest.lock\" > /dev/null\nif [ $? != 0 ] ; then\n    # print error to STDERR\n    echo \"error: The sandbox is not in sync with the Podfile.lock. Run 'pod install' or update your CocoaPods installation.\" >&2\n    exit 1\nfi\n# This output is used by Xcode 'outputs' to avoid re-running this script phase.\necho \"SUCCESS\" > \"${SCRIPT_OUTPUT_FILE_0}\"\n";
			showEnvVarsInLog = 0;
		};
		A735D98C8E3619A3A592BDC8 /* [CP] Copy Pods Resources */ = {
			isa = PBXShellScriptBuildPhase;
			buildActionMask = 2147483647;
			files = (
			);
			inputPaths = (
			);
			name = "[CP] Copy Pods Resources";
			outputPaths = (
			);
			runOnlyForDeploymentPostprocessing = 0;
			shellPath = /bin/sh;
			shellScript = "\"${SRCROOT}/Pods/Target Support Files/Pods-CalculatorTests/Pods-CalculatorTests-resources.sh\"\n";
			showEnvVarsInLog = 0;
		};
		E2D11B1727066ED56248A218 /* [CP] Copy Pods Resources */ = {
			isa = PBXShellScriptBuildPhase;
			buildActionMask = 2147483647;
			files = (
			);
			inputPaths = (
			);
			name = "[CP] Copy Pods Resources";
			outputPaths = (
			);
			runOnlyForDeploymentPostprocessing = 0;
			shellPath = /bin/sh;
			shellScript = "\"${SRCROOT}/Pods/Target Support Files/Pods-Calculator/Pods-Calculator-resources.sh\"\n";
			showEnvVarsInLog = 0;
		};
		FA013026F28EC91F2C5847C6 /* [CP] Check Pods Manifest.lock */ = {
			isa = PBXShellScriptBuildPhase;
			buildActionMask = 2147483647;
			files = (
			);
			inputPaths = (
				"${PODS_PODFILE_DIR_PATH}/Podfile.lock",
				"${PODS_ROOT}/Manifest.lock",
			);
			name = "[CP] Check Pods Manifest.lock";
			outputPaths = (
				"$(DERIVED_FILE_DIR)/Pods-CalculatorTests-checkManifestLockResult.txt",
			);
			runOnlyForDeploymentPostprocessing = 0;
			shellPath = /bin/sh;
			shellScript = "diff \"${PODS_PODFILE_DIR_PATH}/Podfile.lock\" \"${PODS_ROOT}/Manifest.lock\" > /dev/null\nif [ $? != 0 ] ; then\n    # print error to STDERR\n    echo \"error: The sandbox is not in sync with the Podfile.lock. Run 'pod install' or update your CocoaPods installation.\" >&2\n    exit 1\nfi\n# This output is used by Xcode 'outputs' to avoid re-running this script phase.\necho \"SUCCESS\" > \"${SCRIPT_OUTPUT_FILE_0}\"\n";
			showEnvVarsInLog = 0;
		};
/* End PBXShellScriptBuildPhase section */

/* Begin PBXSourcesBuildPhase section */
		EF4B649C201C7D0800947C6C /* Sources */ = {
			isa = PBXSourcesBuildPhase;
			buildActionMask = 2147483647;
			files = (
				EF4B64A6201C7D0800947C6C /* ViewController.swift in Sources */,
				EF4B64A4201C7D0800947C6C /* AppDelegate.swift in Sources */,
			);
			runOnlyForDeploymentPostprocessing = 0;
		};
		EF4B64B0201C7D0800947C6C /* Sources */ = {
			isa = PBXSourcesBuildPhase;
			buildActionMask = 2147483647;
			files = (
				EF4B64B9201C7D0800947C6C /* CalculatorTests.swift in Sources */,
			);
			runOnlyForDeploymentPostprocessing = 0;
		};
		EF4B64BB201C7D0800947C6C /* Sources */ = {
			isa = PBXSourcesBuildPhase;
			buildActionMask = 2147483647;
			files = (
				EF4B64C4201C7D0800947C6C /* CalculatorUITests.swift in Sources */,
			);
			runOnlyForDeploymentPostprocessing = 0;
		};
/* End PBXSourcesBuildPhase section */

/* Begin PBXTargetDependency section */
		EF4B64B6201C7D0800947C6C /* PBXTargetDependency */ = {
			isa = PBXTargetDependency;
			target = EF4B649F201C7D0800947C6C /* Calculator */;
			targetProxy = EF4B64B5201C7D0800947C6C /* PBXContainerItemProxy */;
		};
		EF4B64C1201C7D0800947C6C /* PBXTargetDependency */ = {
			isa = PBXTargetDependency;
			target = EF4B649F201C7D0800947C6C /* Calculator */;
			targetProxy = EF4B64C0201C7D0800947C6C /* PBXContainerItemProxy */;
		};
/* End PBXTargetDependency section */

/* Begin PBXVariantGroup section */
		EF4B64A7201C7D0800947C6C /* Main.storyboard */ = {
			isa = PBXVariantGroup;
			children = (
				EF4B64A8201C7D0800947C6C /* Base */,
			);
			name = Main.storyboard;
			sourceTree = "<group>";
		};
		EF4B64AC201C7D0800947C6C /* LaunchScreen.storyboard */ = {
			isa = PBXVariantGroup;
			children = (
				EF4B64AD201C7D0800947C6C /* Base */,
			);
			name = LaunchScreen.storyboard;
			sourceTree = "<group>";
		};
/* End PBXVariantGroup section */

/* Begin XCBuildConfiguration section */
		EF4B64C6201C7D0800947C6C /* Debug */ = {
			isa = XCBuildConfiguration;
			buildSettings = {
				ALWAYS_SEARCH_USER_PATHS = NO;
				CLANG_ANALYZER_NONNULL = YES;
				CLANG_ANALYZER_NUMBER_OBJECT_CONVERSION = YES_AGGRESSIVE;
				CLANG_CXX_LANGUAGE_STANDARD = "gnu++14";
				CLANG_CXX_LIBRARY = "libc++";
				CLANG_ENABLE_MODULES = YES;
				CLANG_ENABLE_OBJC_ARC = YES;
				CLANG_WARN_BLOCK_CAPTURE_AUTORELEASING = YES;
				CLANG_WARN_BOOL_CONVERSION = YES;
				CLANG_WARN_COMMA = YES;
				CLANG_WARN_CONSTANT_CONVERSION = YES;
				CLANG_WARN_DIRECT_OBJC_ISA_USAGE = YES_ERROR;
				CLANG_WARN_DOCUMENTATION_COMMENTS = YES;
				CLANG_WARN_EMPTY_BODY = YES;
				CLANG_WARN_ENUM_CONVERSION = YES;
				CLANG_WARN_INFINITE_RECURSION = YES;
				CLANG_WARN_INT_CONVERSION = YES;
				CLANG_WARN_NON_LITERAL_NULL_CONVERSION = YES;
				CLANG_WARN_OBJC_LITERAL_CONVERSION = YES;
				CLANG_WARN_OBJC_ROOT_CLASS = YES_ERROR;
				CLANG_WARN_RANGE_LOOP_ANALYSIS = YES;
				CLANG_WARN_STRICT_PROTOTYPES = YES;
				CLANG_WARN_SUSPICIOUS_MOVE = YES;
				CLANG_WARN_UNGUARDED_AVAILABILITY = YES_AGGRESSIVE;
				CLANG_WARN_UNREACHABLE_CODE = YES;
				CLANG_WARN__DUPLICATE_METHOD_MATCH = YES;
				CODE_SIGN_IDENTITY = "iPhone Developer";
				COPY_PHASE_STRIP = NO;
				DEBUG_INFORMATION_FORMAT = dwarf;
				ENABLE_STRICT_OBJC_MSGSEND = YES;
				ENABLE_TESTABILITY = YES;
				GCC_C_LANGUAGE_STANDARD = gnu11;
				GCC_DYNAMIC_NO_PIC = NO;
				GCC_NO_COMMON_BLOCKS = YES;
				GCC_OPTIMIZATION_LEVEL = 0;
				GCC_PREPROCESSOR_DEFINITIONS = (
					"DEBUG=1",
					"$(inherited)",
				);
				GCC_WARN_64_TO_32_BIT_CONVERSION = YES;
				GCC_WARN_ABOUT_RETURN_TYPE = YES_ERROR;
				GCC_WARN_UNDECLARED_SELECTOR = YES;
				GCC_WARN_UNINITIALIZED_AUTOS = YES_AGGRESSIVE;
				GCC_WARN_UNUSED_FUNCTION = YES;
				GCC_WARN_UNUSED_VARIABLE = YES;
				IPHONEOS_DEPLOYMENT_TARGET = 11.2;
				MTL_ENABLE_DEBUG_INFO = YES;
				ONLY_ACTIVE_ARCH = YES;
				SDKROOT = iphoneos;
				SWIFT_ACTIVE_COMPILATION_CONDITIONS = DEBUG;
				SWIFT_OPTIMIZATION_LEVEL = "-Onone";
			};
			name = Debug;
		};
		EF4B64C7201C7D0800947C6C /* Release */ = {
			isa = XCBuildConfiguration;
			buildSettings = {
				ALWAYS_SEARCH_USER_PATHS = NO;
				CLANG_ANALYZER_NONNULL = YES;
				CLANG_ANALYZER_NUMBER_OBJECT_CONVERSION = YES_AGGRESSIVE;
				CLANG_CXX_LANGUAGE_STANDARD = "gnu++14";
				CLANG_CXX_LIBRARY = "libc++";
				CLANG_ENABLE_MODULES = YES;
				CLANG_ENABLE_OBJC_ARC = YES;
				CLANG_WARN_BLOCK_CAPTURE_AUTORELEASING = YES;
				CLANG_WARN_BOOL_CONVERSION = YES;
				CLANG_WARN_COMMA = YES;
				CLANG_WARN_CONSTANT_CONVERSION = YES;
				CLANG_WARN_DIRECT_OBJC_ISA_USAGE = YES_ERROR;
				CLANG_WARN_DOCUMENTATION_COMMENTS = YES;
				CLANG_WARN_EMPTY_BODY = YES;
				CLANG_WARN_ENUM_CONVERSION = YES;
				CLANG_WARN_INFINITE_RECURSION = YES;
				CLANG_WARN_INT_CONVERSION = YES;
				CLANG_WARN_NON_LITERAL_NULL_CONVERSION = YES;
				CLANG_WARN_OBJC_LITERAL_CONVERSION = YES;
				CLANG_WARN_OBJC_ROOT_CLASS = YES_ERROR;
				CLANG_WARN_RANGE_LOOP_ANALYSIS = YES;
				CLANG_WARN_STRICT_PROTOTYPES = YES;
				CLANG_WARN_SUSPICIOUS_MOVE = YES;
				CLANG_WARN_UNGUARDED_AVAILABILITY = YES_AGGRESSIVE;
				CLANG_WARN_UNREACHABLE_CODE = YES;
				CLANG_WARN__DUPLICATE_METHOD_MATCH = YES;
				CODE_SIGN_IDENTITY = "iPhone Developer";
				COPY_PHASE_STRIP = NO;
				DEBUG_INFORMATION_FORMAT = "dwarf-with-dsym";
				ENABLE_NS_ASSERTIONS = NO;
				ENABLE_STRICT_OBJC_MSGSEND = YES;
				GCC_C_LANGUAGE_STANDARD = gnu11;
				GCC_NO_COMMON_BLOCKS = YES;
				GCC_WARN_64_TO_32_BIT_CONVERSION = YES;
				GCC_WARN_ABOUT_RETURN_TYPE = YES_ERROR;
				GCC_WARN_UNDECLARED_SELECTOR = YES;
				GCC_WARN_UNINITIALIZED_AUTOS = YES_AGGRESSIVE;
				GCC_WARN_UNUSED_FUNCTION = YES;
				GCC_WARN_UNUSED_VARIABLE = YES;
				IPHONEOS_DEPLOYMENT_TARGET = 11.2;
				MTL_ENABLE_DEBUG_INFO = NO;
				SDKROOT = iphoneos;
				SWIFT_OPTIMIZATION_LEVEL = "-Owholemodule";
				VALIDATE_PRODUCT = YES;
			};
			name = Release;
		};
		EF4B64C9201C7D0800947C6C /* Debug */ = {
			isa = XCBuildConfiguration;
			baseConfigurationReference = 2601AEE2B08D6035088BC9A6 /* Pods-Calculator.debug.xcconfig */;
			buildSettings = {
				ASSETCATALOG_COMPILER_APPICON_NAME = AppIcon;
				CODE_SIGN_STYLE = Automatic;
				DEVELOPMENT_TEAM = 6785MLV8GV;
				INFOPLIST_FILE = Calculator/Info.plist;
				LD_RUNPATH_SEARCH_PATHS = "$(inherited) @executable_path/Frameworks";
				PRODUCT_BUNDLE_IDENTIFIER = jp.co.example.Calculator;
				PRODUCT_NAME = "$(TARGET_NAME)";
				SWIFT_VERSION = 4.0;
				TARGETED_DEVICE_FAMILY = "1,2";
			};
			name = Debug;
		};
		EF4B64CA201C7D0800947C6C /* Release */ = {
			isa = XCBuildConfiguration;
			baseConfigurationReference = 1904318B1796EBEFD6D2BFE7 /* Pods-Calculator.release.xcconfig */;
			buildSettings = {
				ASSETCATALOG_COMPILER_APPICON_NAME = AppIcon;
				CODE_SIGN_STYLE = Automatic;
				DEVELOPMENT_TEAM = 6785MLV8GV;
				INFOPLIST_FILE = Calculator/Info.plist;
				LD_RUNPATH_SEARCH_PATHS = "$(inherited) @executable_path/Frameworks";
				PRODUCT_BUNDLE_IDENTIFIER = jp.co.example.Calculator;
				PRODUCT_NAME = "$(TARGET_NAME)";
				SWIFT_VERSION = 4.0;
				TARGETED_DEVICE_FAMILY = "1,2";
			};
			name = Release;
		};
		EF4B64CC201C7D0800947C6C /* Debug */ = {
			isa = XCBuildConfiguration;
			baseConfigurationReference = A1358FC5C645FBE1AE0A3E6C /* Pods-CalculatorTests.debug.xcconfig */;
			buildSettings = {
				ALWAYS_EMBED_SWIFT_STANDARD_LIBRARIES = YES;
				BUNDLE_LOADER = "$(TEST_HOST)";
				CODE_SIGN_STYLE = Automatic;
				INFOPLIST_FILE = CalculatorTests/Info.plist;
				LD_RUNPATH_SEARCH_PATHS = "$(inherited) @executable_path/Frameworks @loader_path/Frameworks";
				PRODUCT_BUNDLE_IDENTIFIER = jp.co.example.CalculatorTests;
				PRODUCT_NAME = "$(TARGET_NAME)";
				SWIFT_VERSION = 4.0;
				TARGETED_DEVICE_FAMILY = "1,2";
				TEST_HOST = "$(BUILT_PRODUCTS_DIR)/Calculator.app/Calculator";
			};
			name = Debug;
		};
		EF4B64CD201C7D0800947C6C /* Release */ = {
			isa = XCBuildConfiguration;
			baseConfigurationReference = 9D344D2BEE7C9EEAD99CC7B7 /* Pods-CalculatorTests.release.xcconfig */;
			buildSettings = {
				ALWAYS_EMBED_SWIFT_STANDARD_LIBRARIES = YES;
				BUNDLE_LOADER = "$(TEST_HOST)";
				CODE_SIGN_STYLE = Automatic;
				INFOPLIST_FILE = CalculatorTests/Info.plist;
				LD_RUNPATH_SEARCH_PATHS = "$(inherited) @executable_path/Frameworks @loader_path/Frameworks";
				PRODUCT_BUNDLE_IDENTIFIER = jp.co.example.CalculatorTests;
				PRODUCT_NAME = "$(TARGET_NAME)";
				SWIFT_VERSION = 4.0;
				TARGETED_DEVICE_FAMILY = "1,2";
				TEST_HOST = "$(BUILT_PRODUCTS_DIR)/Calculator.app/Calculator";
			};
			name = Release;
		};
		EF4B64CF201C7D0800947C6C /* Debug */ = {
			isa = XCBuildConfiguration;
			baseConfigurationReference = AB1C14629C592B39A8503A38 /* Pods-CalculatorUITests.debug.xcconfig */;
			buildSettings = {
				ALWAYS_EMBED_SWIFT_STANDARD_LIBRARIES = YES;
				CODE_SIGN_STYLE = Automatic;
				INFOPLIST_FILE = CalculatorUITests/Info.plist;
				LD_RUNPATH_SEARCH_PATHS = "$(inherited) @executable_path/Frameworks @loader_path/Frameworks";
				PRODUCT_BUNDLE_IDENTIFIER = jp.co.example.CalculatorUITests;
				PRODUCT_NAME = "$(TARGET_NAME)";
				SWIFT_VERSION = 4.0;
				TARGETED_DEVICE_FAMILY = "1,2";
				TEST_TARGET_NAME = Calculator;
			};
			name = Debug;
		};
		EF4B64D0201C7D0800947C6C /* Release */ = {
			isa = XCBuildConfiguration;
			baseConfigurationReference = 488203E932AB28F8D5563986 /* Pods-CalculatorUITests.release.xcconfig */;
			buildSettings = {
				ALWAYS_EMBED_SWIFT_STANDARD_LIBRARIES = YES;
				CODE_SIGN_STYLE = Automatic;
				INFOPLIST_FILE = CalculatorUITests/Info.plist;
				LD_RUNPATH_SEARCH_PATHS = "$(inherited) @executable_path/Frameworks @loader_path/Frameworks";
				PRODUCT_BUNDLE_IDENTIFIER = jp.co.example.CalculatorUITests;
				PRODUCT_NAME = "$(TARGET_NAME)";
				SWIFT_VERSION = 4.0;
				TARGETED_DEVICE_FAMILY = "1,2";
				TEST_TARGET_NAME = Calculator;
			};
			name = Release;
		};
/* End XCBuildConfiguration section */

/* Begin XCConfigurationList section */
		EF4B649B201C7D0800947C6C /* Build configuration list for PBXProject "Calculator" */ = {
			isa = XCConfigurationList;
			buildConfigurations = (
				EF4B64C6201C7D0800947C6C /* Debug */,
				EF4B64C7201C7D0800947C6C /* Release */,
			);
			defaultConfigurationIsVisible = 0;
			defaultConfigurationName = Release;
		};
		EF4B64C8201C7D0800947C6C /* Build configuration list for PBXNativeTarget "Calculator" */ = {
			isa = XCConfigurationList;
			buildConfigurations = (
				EF4B64C9201C7D0800947C6C /* Debug */,
				EF4B64CA201C7D0800947C6C /* Release */,
			);
			defaultConfigurationIsVisible = 0;
			defaultConfigurationName = Release;
		};
		EF4B64CB201C7D0800947C6C /* Build configuration list for PBXNativeTarget "CalculatorTests" */ = {
			isa = XCConfigurationList;
			buildConfigurations = (
				EF4B64CC201C7D0800947C6C /* Debug */,
				EF4B64CD201C7D0800947C6C /* Release */,
			);
			defaultConfigurationIsVisible = 0;
			defaultConfigurationName = Release;
		};
		EF4B64CE201C7D0800947C6C /* Build configuration list for PBXNativeTarget "CalculatorUITests" */ = {
			isa = XCConfigurationList;
			buildConfigurations = (
				EF4B64CF201C7D0800947C6C /* Debug */,
				EF4B64D0201C7D0800947C6C /* Release */,
			);
			defaultConfigurationIsVisible = 0;
			defaultConfigurationName = Release;
		};
/* End XCConfigurationList section */
	};
	rootObject = EF4B6498201C7D0800947C6C /* Project object */;
}
