// !$*UTF8*$!
{
	archiveVersion = 1;
	classes = {
	};
	objectVersion = 48;
	objects = {

/* Begin PBXBuildFile section */
		EFE38FDB2029CEC100A03CB4 /* AppDelegate.swift in Sources */ = {isa = PBXBuildFile; fileRef = EFE38FDA2029CEC100A03CB4 /* AppDelegate.swift */; };
		EFE38FDD2029CEC100A03CB4 /* ViewController.swift in Sources */ = {isa = PBXBuildFile; fileRef = EFE38FDC2029CEC100A03CB4 /* ViewController.swift */; };
		EFE38FE02029CEC100A03CB4 /* Main.storyboard in Resources */ = {isa = PBXBuildFile; fileRef = EFE38FDE2029CEC100A03CB4 /* Main.storyboard */; };
		EFE38FE22029CEC100A03CB4 /* Assets.xcassets in Resources */ = {isa = PBXBuildFile; fileRef = EFE38FE12029CEC100A03CB4 /* Assets.xcassets */; };
		EFE38FE52029CEC100A03CB4 /* LaunchScreen.storyboard in Resources */ = {isa = PBXBuildFile; fileRef = EFE38FE32029CEC100A03CB4 /* LaunchScreen.storyboard */; };
		EFE38FF02029CEC100A03CB4 /* UITextField2Tests.swift in Sources */ = {isa = PBXBuildFile; fileRef = EFE38FEF2029CEC100A03CB4 /* UITextField2Tests.swift */; };
		EFE38FFB2029CEC100A03CB4 /* UITextField2UITests.swift in Sources */ = {isa = PBXBuildFile; fileRef = EFE38FFA2029CEC100A03CB4 /* UITextField2UITests.swift */; };
/* End PBXBuildFile section */

/* Begin PBXContainerItemProxy section */
		EFE38FEC2029CEC100A03CB4 /* PBXContainerItemProxy */ = {
			isa = PBXContainerItemProxy;
			containerPortal = EFE38FCF2029CEC100A03CB4 /* Project object */;
			proxyType = 1;
			remoteGlobalIDString = EFE38FD62029CEC100A03CB4;
			remoteInfo = UITextField2;
		};
		EFE38FF72029CEC100A03CB4 /* PBXContainerItemProxy */ = {
			isa = PBXContainerItemProxy;
			containerPortal = EFE38FCF2029CEC100A03CB4 /* Project object */;
			proxyType = 1;
			remoteGlobalIDString = EFE38FD62029CEC100A03CB4;
			remoteInfo = UITextField2;
		};
/* End PBXContainerItemProxy section */

/* Begin PBXFileReference section */
		EFE38FD72029CEC100A03CB4 /* UITextField2.app */ = {isa = PBXFileReference; explicitFileType = wrapper.application; includeInIndex = 0; path = UITextField2.app; sourceTree = BUILT_PRODUCTS_DIR; };
		EFE38FDA2029CEC100A03CB4 /* AppDelegate.swift */ = {isa = PBXFileReference; lastKnownFileType = sourcecode.swift; path = AppDelegate.swift; sourceTree = "<group>"; };
		EFE38FDC2029CEC100A03CB4 /* ViewController.swift */ = {isa = PBXFileReference; lastKnownFileType = sourcecode.swift; path = ViewController.swift; sourceTree = "<group>"; };
		EFE38FDF2029CEC100A03CB4 /* Base */ = {isa = PBXFileReference; lastKnownFileType = file.storyboard; name = Base; path = Base.lproj/Main.storyboard; sourceTree = "<group>"; };
		EFE38FE12029CEC100A03CB4 /* Assets.xcassets */ = {isa = PBXFileReference; lastKnownFileType = folder.assetcatalog; path = Assets.xcassets; sourceTree = "<group>"; };
		EFE38FE42029CEC100A03CB4 /* Base */ = {isa = PBXFileReference; lastKnownFileType = file.storyboard; name = Base; path = Base.lproj/LaunchScreen.storyboard; sourceTree = "<group>"; };
		EFE38FE62029CEC100A03CB4 /* Info.plist */ = {isa = PBXFileReference; lastKnownFileType = text.plist.xml; path = Info.plist; sourceTree = "<group>"; };
		EFE38FEB2029CEC100A03CB4 /* UITextField2Tests.xctest */ = {isa = PBXFileReference; explicitFileType = wrapper.cfbundle; includeInIndex = 0; path = UITextField2Tests.xctest; sourceTree = BUILT_PRODUCTS_DIR; };
		EFE38FEF2029CEC100A03CB4 /* UITextField2Tests.swift */ = {isa = PBXFileReference; lastKnownFileType = sourcecode.swift; path = UITextField2Tests.swift; sourceTree = "<group>"; };
		EFE38FF12029CEC100A03CB4 /* Info.plist */ = {isa = PBXFileReference; lastKnownFileType = text.plist.xml; path = Info.plist; sourceTree = "<group>"; };
		EFE38FF62029CEC100A03CB4 /* UITextField2UITests.xctest */ = {isa = PBXFileReference; explicitFileType = wrapper.cfbundle; includeInIndex = 0; path = UITextField2UITests.xctest; sourceTree = BUILT_PRODUCTS_DIR; };
		EFE38FFA2029CEC100A03CB4 /* UITextField2UITests.swift */ = {isa = PBXFileReference; lastKnownFileType = sourcecode.swift; path = UITextField2UITests.swift; sourceTree = "<group>"; };
		EFE38FFC2029CEC100A03CB4 /* Info.plist */ = {isa = PBXFileReference; lastKnownFileType = text.plist.xml; path = Info.plist; sourceTree = "<group>"; };
/* End PBXFileReference section */

/* Begin PBXFrameworksBuildPhase section */
		EFE38FD42029CEC100A03CB4 /* Frameworks */ = {
			isa = PBXFrameworksBuildPhase;
			buildActionMask = 2147483647;
			files = (
			);
			runOnlyForDeploymentPostprocessing = 0;
		};
		EFE38FE82029CEC100A03CB4 /* Frameworks */ = {
			isa = PBXFrameworksBuildPhase;
			buildActionMask = 2147483647;
			files = (
			);
			runOnlyForDeploymentPostprocessing = 0;
		};
		EFE38FF32029CEC100A03CB4 /* Frameworks */ = {
			isa = PBXFrameworksBuildPhase;
			buildActionMask = 2147483647;
			files = (
			);
			runOnlyForDeploymentPostprocessing = 0;
		};
/* End PBXFrameworksBuildPhase section */

/* Begin PBXGroup section */
		EFE38FCE2029CEC100A03CB4 = {
			isa = PBXGroup;
			children = (
				EFE38FD92029CEC100A03CB4 /* UITextField2 */,
				EFE38FEE2029CEC100A03CB4 /* UITextField2Tests */,
				EFE38FF92029CEC100A03CB4 /* UITextField2UITests */,
				EFE38FD82029CEC100A03CB4 /* Products */,
			);
			sourceTree = "<group>";
		};
		EFE38FD82029CEC100A03CB4 /* Products */ = {
			isa = PBXGroup;
			children = (
				EFE38FD72029CEC100A03CB4 /* UITextField2.app */,
				EFE38FEB2029CEC100A03CB4 /* UITextField2Tests.xctest */,
				EFE38FF62029CEC100A03CB4 /* UITextField2UITests.xctest */,
			);
			name = Products;
			sourceTree = "<group>";
		};
		EFE38FD92029CEC100A03CB4 /* UITextField2 */ = {
			isa = PBXGroup;
			children = (
				EFE38FDA2029CEC100A03CB4 /* AppDelegate.swift */,
				EFE38FDC2029CEC100A03CB4 /* ViewController.swift */,
				EFE38FDE2029CEC100A03CB4 /* Main.storyboard */,
				EFE38FE12029CEC100A03CB4 /* Assets.xcassets */,
				EFE38FE32029CEC100A03CB4 /* LaunchScreen.storyboard */,
				EFE38FE62029CEC100A03CB4 /* Info.plist */,
			);
			path = UITextField2;
			sourceTree = "<group>";
		};
		EFE38FEE2029CEC100A03CB4 /* UITextField2Tests */ = {
			isa = PBXGroup;
			children = (
				EFE38FEF2029CEC100A03CB4 /* UITextField2Tests.swift */,
				EFE38FF12029CEC100A03CB4 /* Info.plist */,
			);
			path = UITextField2Tests;
			sourceTree = "<group>";
		};
		EFE38FF92029CEC100A03CB4 /* UITextField2UITests */ = {
			isa = PBXGroup;
			children = (
				EFE38FFA2029CEC100A03CB4 /* UITextField2UITests.swift */,
				EFE38FFC2029CEC100A03CB4 /* Info.plist */,
			);
			path = UITextField2UITests;
			sourceTree = "<group>";
		};
/* End PBXGroup section */

/* Begin PBXNativeTarget section */
		EFE38FD62029CEC100A03CB4 /* UITextField2 */ = {
			isa = PBXNativeTarget;
			buildConfigurationList = EFE38FFF2029CEC100A03CB4 /* Build configuration list for PBXNativeTarget "UITextField2" */;
			buildPhases = (
				EFE38FD32029CEC100A03CB4 /* Sources */,
				EFE38FD42029CEC100A03CB4 /* Frameworks */,
				EFE38FD52029CEC100A03CB4 /* Resources */,
			);
			buildRules = (
			);
			dependencies = (
			);
			name = UITextField2;
			productName = UITextField2;
			productReference = EFE38FD72029CEC100A03CB4 /* UITextField2.app */;
			productType = "com.apple.product-type.application";
		};
		EFE38FEA2029CEC100A03CB4 /* UITextField2Tests */ = {
			isa = PBXNativeTarget;
			buildConfigurationList = EFE390022029CEC100A03CB4 /* Build configuration list for PBXNativeTarget "UITextField2Tests" */;
			buildPhases = (
				EFE38FE72029CEC100A03CB4 /* Sources */,
				EFE38FE82029CEC100A03CB4 /* Frameworks */,
				EFE38FE92029CEC100A03CB4 /* Resources */,
			);
			buildRules = (
			);
			dependencies = (
				EFE38FED2029CEC100A03CB4 /* PBXTargetDependency */,
			);
			name = UITextField2Tests;
			productName = UITextField2Tests;
			productReference = EFE38FEB2029CEC100A03CB4 /* UITextField2Tests.xctest */;
			productType = "com.apple.product-type.bundle.unit-test";
		};
		EFE38FF52029CEC100A03CB4 /* UITextField2UITests */ = {
			isa = PBXNativeTarget;
			buildConfigurationList = EFE390052029CEC100A03CB4 /* Build configuration list for PBXNativeTarget "UITextField2UITests" */;
			buildPhases = (
				EFE38FF22029CEC100A03CB4 /* Sources */,
				EFE38FF32029CEC100A03CB4 /* Frameworks */,
				EFE38FF42029CEC100A03CB4 /* Resources */,
			);
			buildRules = (
			);
			dependencies = (
				EFE38FF82029CEC100A03CB4 /* PBXTargetDependency */,
			);
			name = UITextField2UITests;
			productName = UITextField2UITests;
			productReference = EFE38FF62029CEC100A03CB4 /* UITextField2UITests.xctest */;
			productType = "com.apple.product-type.bundle.ui-testing";
		};
/* End PBXNativeTarget section */

/* Begin PBXProject section */
		EFE38FCF2029CEC100A03CB4 /* Project object */ = {
			isa = PBXProject;
			attributes = {
				LastSwiftUpdateCheck = 0920;
				LastUpgradeCheck = 0920;
				ORGANIZATIONNAME = SoonhoKoh;
				TargetAttributes = {
					EFE38FD62029CEC100A03CB4 = {
						CreatedOnToolsVersion = 9.2;
						ProvisioningStyle = Automatic;
					};
					EFE38FEA2029CEC100A03CB4 = {
						CreatedOnToolsVersion = 9.2;
						ProvisioningStyle = Automatic;
						TestTargetID = EFE38FD62029CEC100A03CB4;
					};
					EFE38FF52029CEC100A03CB4 = {
						CreatedOnToolsVersion = 9.2;
						ProvisioningStyle = Automatic;
						TestTargetID = EFE38FD62029CEC100A03CB4;
					};
				};
			};
			buildConfigurationList = EFE38FD22029CEC100A03CB4 /* Build configuration list for PBXProject "UITextField2" */;
			compatibilityVersion = "Xcode 8.0";
			developmentRegion = en;
			hasScannedForEncodings = 0;
			knownRegions = (
				en,
				Base,
			);
			mainGroup = EFE38FCE2029CEC100A03CB4;
			productRefGroup = EFE38FD82029CEC100A03CB4 /* Products */;
			projectDirPath = "";
			projectRoot = "";
			targets = (
				EFE38FD62029CEC100A03CB4 /* UITextField2 */,
				EFE38FEA2029CEC100A03CB4 /* UITextField2Tests */,
				EFE38FF52029CEC100A03CB4 /* UITextField2UITests */,
			);
		};
/* End PBXProject section */

/* Begin PBXResourcesBuildPhase section */
		EFE38FD52029CEC100A03CB4 /* Resources */ = {
			isa = PBXResourcesBuildPhase;
			buildActionMask = 2147483647;
			files = (
				EFE38FE52029CEC100A03CB4 /* LaunchScreen.storyboard in Resources */,
				EFE38FE22029CEC100A03CB4 /* Assets.xcassets in Resources */,
				EFE38FE02029CEC100A03CB4 /* Main.storyboard in Resources */,
			);
			runOnlyForDeploymentPostprocessing = 0;
		};
		EFE38FE92029CEC100A03CB4 /* Resources */ = {
			isa = PBXResourcesBuildPhase;
			buildActionMask = 2147483647;
			files = (
			);
			runOnlyForDeploymentPostprocessing = 0;
		};
		EFE38FF42029CEC100A03CB4 /* Resources */ = {
			isa = PBXResourcesBuildPhase;
			buildActionMask = 2147483647;
			files = (
			);
			runOnlyForDeploymentPostprocessing = 0;
		};
/* End PBXResourcesBuildPhase section */

/* Begin PBXSourcesBuildPhase section */
		EFE38FD32029CEC100A03CB4 /* Sources */ = {
			isa = PBXSourcesBuildPhase;
			buildActionMask = 2147483647;
			files = (
				EFE38FDD2029CEC100A03CB4 /* ViewController.swift in Sources */,
				EFE38FDB2029CEC100A03CB4 /* AppDelegate.swift in Sources */,
			);
			runOnlyForDeploymentPostprocessing = 0;
		};
		EFE38FE72029CEC100A03CB4 /* Sources */ = {
			isa = PBXSourcesBuildPhase;
			buildActionMask = 2147483647;
			files = (
				EFE38FF02029CEC100A03CB4 /* UITextField2Tests.swift in Sources */,
			);
			runOnlyForDeploymentPostprocessing = 0;
		};
		EFE38FF22029CEC100A03CB4 /* Sources */ = {
			isa = PBXSourcesBuildPhase;
			buildActionMask = 2147483647;
			files = (
				EFE38FFB2029CEC100A03CB4 /* UITextField2UITests.swift in Sources */,
			);
			runOnlyForDeploymentPostprocessing = 0;
		};
/* End PBXSourcesBuildPhase section */

/* Begin PBXTargetDependency section */
		EFE38FED2029CEC100A03CB4 /* PBXTargetDependency */ = {
			isa = PBXTargetDependency;
			target = EFE38FD62029CEC100A03CB4 /* UITextField2 */;
			targetProxy = EFE38FEC2029CEC100A03CB4 /* PBXContainerItemProxy */;
		};
		EFE38FF82029CEC100A03CB4 /* PBXTargetDependency */ = {
			isa = PBXTargetDependency;
			target = EFE38FD62029CEC100A03CB4 /* UITextField2 */;
			targetProxy = EFE38FF72029CEC100A03CB4 /* PBXContainerItemProxy */;
		};
/* End PBXTargetDependency section */

/* Begin PBXVariantGroup section */
		EFE38FDE2029CEC100A03CB4 /* Main.storyboard */ = {
			isa = PBXVariantGroup;
			children = (
				EFE38FDF2029CEC100A03CB4 /* Base */,
			);
			name = Main.storyboard;
			sourceTree = "<group>";
		};
		EFE38FE32029CEC100A03CB4 /* LaunchScreen.storyboard */ = {
			isa = PBXVariantGroup;
			children = (
				EFE38FE42029CEC100A03CB4 /* Base */,
			);
			name = LaunchScreen.storyboard;
			sourceTree = "<group>";
		};
/* End PBXVariantGroup section */

/* Begin XCBuildConfiguration section */
		EFE38FFD2029CEC100A03CB4 /* Debug */ = {
			isa = XCBuildConfiguration;
			buildSettings = {
				ALWAYS_SEARCH_USER_PATHS = NO;
				CLANG_ANALYZER_NONNULL = YES;
				CLANG_ANALYZER_NUMBER_OBJECT_CONVERSION = YES_AGGRESSIVE;
				CLANG_CXX_LANGUAGE_STANDARD = "gnu++14";
				CLANG_CXX_LIBRARY = "libc++";
				CLANG_ENABLE_MODULES = YES;
				CLANG_ENABLE_OBJC_ARC = YES;
				CLANG_WARN_BLOCK_CAPTURE_AUTORELEASING = YES;
				CLANG_WARN_BOOL_CONVERSION = YES;
				CLANG_WARN_COMMA = YES;
				CLANG_WARN_CONSTANT_CONVERSION = YES;
				CLANG_WARN_DIRECT_OBJC_ISA_USAGE = YES_ERROR;
				CLANG_WARN_DOCUMENTATION_COMMENTS = YES;
				CLANG_WARN_EMPTY_BODY = YES;
				CLANG_WARN_ENUM_CONVERSION = YES;
				CLANG_WARN_INFINITE_RECURSION = YES;
				CLANG_WARN_INT_CONVERSION = YES;
				CLANG_WARN_NON_LITERAL_NULL_CONVERSION = YES;
				CLANG_WARN_OBJC_LITERAL_CONVERSION = YES;
				CLANG_WARN_OBJC_ROOT_CLASS = YES_ERROR;
				CLANG_WARN_RANGE_LOOP_ANALYSIS = YES;
				CLANG_WARN_STRICT_PROTOTYPES = YES;
				CLANG_WARN_SUSPICIOUS_MOVE = YES;
				CLANG_WARN_UNGUARDED_AVAILABILITY = YES_AGGRESSIVE;
				CLANG_WARN_UNREACHABLE_CODE = YES;
				CLANG_WARN__DUPLICATE_METHOD_MATCH = YES;
				CODE_SIGN_IDENTITY = "iPhone Developer";
				COPY_PHASE_STRIP = NO;
				DEBUG_INFORMATION_FORMAT = dwarf;
				ENABLE_STRICT_OBJC_MSGSEND = YES;
				ENABLE_TESTABILITY = YES;
				GCC_C_LANGUAGE_STANDARD = gnu11;
				GCC_DYNAMIC_NO_PIC = NO;
				GCC_NO_COMMON_BLOCKS = YES;
				GCC_OPTIMIZATION_LEVEL = 0;
				GCC_PREPROCESSOR_DEFINITIONS = (
					"DEBUG=1",
					"$(inherited)",
				);
				GCC_WARN_64_TO_32_BIT_CONVERSION = YES;
				GCC_WARN_ABOUT_RETURN_TYPE = YES_ERROR;
				GCC_WARN_UNDECLARED_SELECTOR = YES;
				GCC_WARN_UNINITIALIZED_AUTOS = YES_AGGRESSIVE;
				GCC_WARN_UNUSED_FUNCTION = YES;
				GCC_WARN_UNUSED_VARIABLE = YES;
				IPHONEOS_DEPLOYMENT_TARGET = 11.2;
				MTL_ENABLE_DEBUG_INFO = YES;
				ONLY_ACTIVE_ARCH = YES;
				SDKROOT = iphoneos;
				SWIFT_ACTIVE_COMPILATION_CONDITIONS = DEBUG;
				SWIFT_OPTIMIZATION_LEVEL = "-Onone";
			};
			name = Debug;
		};
		EFE38FFE2029CEC100A03CB4 /* Release */ = {
			isa = XCBuildConfiguration;
			buildSettings = {
				ALWAYS_SEARCH_USER_PATHS = NO;
				CLANG_ANALYZER_NONNULL = YES;
				CLANG_ANALYZER_NUMBER_OBJECT_CONVERSION = YES_AGGRESSIVE;
				CLANG_CXX_LANGUAGE_STANDARD = "gnu++14";
				CLANG_CXX_LIBRARY = "libc++";
				CLANG_ENABLE_MODULES = YES;
				CLANG_ENABLE_OBJC_ARC = YES;
				CLANG_WARN_BLOCK_CAPTURE_AUTORELEASING = YES;
				CLANG_WARN_BOOL_CONVERSION = YES;
				CLANG_WARN_COMMA = YES;
				CLANG_WARN_CONSTANT_CONVERSION = YES;
				CLANG_WARN_DIRECT_OBJC_ISA_USAGE = YES_ERROR;
				CLANG_WARN_DOCUMENTATION_COMMENTS = YES;
				CLANG_WARN_EMPTY_BODY = YES;
				CLANG_WARN_ENUM_CONVERSION = YES;
				CLANG_WARN_INFINITE_RECURSION = YES;
				CLANG_WARN_INT_CONVERSION = YES;
				CLANG_WARN_NON_LITERAL_NULL_CONVERSION = YES;
				CLANG_WARN_OBJC_LITERAL_CONVERSION = YES;
				CLANG_WARN_OBJC_ROOT_CLASS = YES_ERROR;
				CLANG_WARN_RANGE_LOOP_ANALYSIS = YES;
				CLANG_WARN_STRICT_PROTOTYPES = YES;
				CLANG_WARN_SUSPICIOUS_MOVE = YES;
				CLANG_WARN_UNGUARDED_AVAILABILITY = YES_AGGRESSIVE;
				CLANG_WARN_UNREACHABLE_CODE = YES;
				CLANG_WARN__DUPLICATE_METHOD_MATCH = YES;
				CODE_SIGN_IDENTITY = "iPhone Developer";
				COPY_PHASE_STRIP = NO;
				DEBUG_INFORMATION_FORMAT = "dwarf-with-dsym";
				ENABLE_NS_ASSERTIONS = NO;
				ENABLE_STRICT_OBJC_MSGSEND = YES;
				GCC_C_LANGUAGE_STANDARD = gnu11;
				GCC_NO_COMMON_BLOCKS = YES;
				GCC_WARN_64_TO_32_BIT_CONVERSION = YES;
				GCC_WARN_ABOUT_RETURN_TYPE = YES_ERROR;
				GCC_WARN_UNDECLARED_SELECTOR = YES;
				GCC_WARN_UNINITIALIZED_AUTOS = YES_AGGRESSIVE;
				GCC_WARN_UNUSED_FUNCTION = YES;
				GCC_WARN_UNUSED_VARIABLE = YES;
				IPHONEOS_DEPLOYMENT_TARGET = 11.2;
				MTL_ENABLE_DEBUG_INFO = NO;
				SDKROOT = iphoneos;
				SWIFT_OPTIMIZATION_LEVEL = "-Owholemodule";
				VALIDATE_PRODUCT = YES;
			};
			name = Release;
		};
		EFE390002029CEC100A03CB4 /* Debug */ = {
			isa = XCBuildConfiguration;
			buildSettings = {
				ASSETCATALOG_COMPILER_APPICON_NAME = AppIcon;
				CODE_SIGN_STYLE = Automatic;
				DEVELOPMENT_TEAM = 6785MLV8GV;
				INFOPLIST_FILE = UITextField2/Info.plist;
				LD_RUNPATH_SEARCH_PATHS = "$(inherited) @executable_path/Frameworks";
				PRODUCT_BUNDLE_IDENTIFIER = com.gmail.millerttime60.UITextField2;
				PRODUCT_NAME = "$(TARGET_NAME)";
				SWIFT_VERSION = 4.0;
				TARGETED_DEVICE_FAMILY = "1,2";
			};
			name = Debug;
		};
		EFE390012029CEC100A03CB4 /* Release */ = {
			isa = XCBuildConfiguration;
			buildSettings = {
				ASSETCATALOG_COMPILER_APPICON_NAME = AppIcon;
				CODE_SIGN_STYLE = Automatic;
				DEVELOPMENT_TEAM = 6785MLV8GV;
				INFOPLIST_FILE = UITextField2/Info.plist;
				LD_RUNPATH_SEARCH_PATHS = "$(inherited) @executable_path/Frameworks";
				PRODUCT_BUNDLE_IDENTIFIER = com.gmail.millerttime60.UITextField2;
				PRODUCT_NAME = "$(TARGET_NAME)";
				SWIFT_VERSION = 4.0;
				TARGETED_DEVICE_FAMILY = "1,2";
			};
			name = Release;
		};
		EFE390032029CEC100A03CB4 /* Debug */ = {
			isa = XCBuildConfiguration;
			buildSettings = {
				ALWAYS_EMBED_SWIFT_STANDARD_LIBRARIES = YES;
				BUNDLE_LOADER = "$(TEST_HOST)";
				CODE_SIGN_STYLE = Automatic;
				DEVELOPMENT_TEAM = 6785MLV8GV;
				INFOPLIST_FILE = UITextField2Tests/Info.plist;
				LD_RUNPATH_SEARCH_PATHS = "$(inherited) @executable_path/Frameworks @loader_path/Frameworks";
				PRODUCT_BUNDLE_IDENTIFIER = com.gmail.millerttime60.UITextField2Tests;
				PRODUCT_NAME = "$(TARGET_NAME)";
				SWIFT_VERSION = 4.0;
				TARGETED_DEVICE_FAMILY = "1,2";
				TEST_HOST = "$(BUILT_PRODUCTS_DIR)/UITextField2.app/UITextField2";
			};
			name = Debug;
		};
		EFE390042029CEC100A03CB4 /* Release */ = {
			isa = XCBuildConfiguration;
			buildSettings = {
				ALWAYS_EMBED_SWIFT_STANDARD_LIBRARIES = YES;
				BUNDLE_LOADER = "$(TEST_HOST)";
				CODE_SIGN_STYLE = Automatic;
				DEVELOPMENT_TEAM = 6785MLV8GV;
				INFOPLIST_FILE = UITextField2Tests/Info.plist;
				LD_RUNPATH_SEARCH_PATHS = "$(inherited) @executable_path/Frameworks @loader_path/Frameworks";
				PRODUCT_BUNDLE_IDENTIFIER = com.gmail.millerttime60.UITextField2Tests;
				PRODUCT_NAME = "$(TARGET_NAME)";
				SWIFT_VERSION = 4.0;
				TARGETED_DEVICE_FAMILY = "1,2";
				TEST_HOST = "$(BUILT_PRODUCTS_DIR)/UITextField2.app/UITextField2";
			};
			name = Release;
		};
		EFE390062029CEC100A03CB4 /* Debug */ = {
			isa = XCBuildConfiguration;
			buildSettings = {
				ALWAYS_EMBED_SWIFT_STANDARD_LIBRARIES = YES;
				CODE_SIGN_STYLE = Automatic;
				DEVELOPMENT_TEAM = 6785MLV8GV;
				INFOPLIST_FILE = UITextField2UITests/Info.plist;
				LD_RUNPATH_SEARCH_PATHS = "$(inherited) @executable_path/Frameworks @loader_path/Frameworks";
				PRODUCT_BUNDLE_IDENTIFIER = com.gmail.millerttime60.UITextField2UITests;
				PRODUCT_NAME = "$(TARGET_NAME)";
				SWIFT_VERSION = 4.0;
				TARGETED_DEVICE_FAMILY = "1,2";
				TEST_TARGET_NAME = UITextField2;
			};
			name = Debug;
		};
		EFE390072029CEC100A03CB4 /* Release */ = {
			isa = XCBuildConfiguration;
			buildSettings = {
				ALWAYS_EMBED_SWIFT_STANDARD_LIBRARIES = YES;
				CODE_SIGN_STYLE = Automatic;
				DEVELOPMENT_TEAM = 6785MLV8GV;
				INFOPLIST_FILE = UITextField2UITests/Info.plist;
				LD_RUNPATH_SEARCH_PATHS = "$(inherited) @executable_path/Frameworks @loader_path/Frameworks";
				PRODUCT_BUNDLE_IDENTIFIER = com.gmail.millerttime60.UITextField2UITests;
				PRODUCT_NAME = "$(TARGET_NAME)";
				SWIFT_VERSION = 4.0;
				TARGETED_DEVICE_FAMILY = "1,2";
				TEST_TARGET_NAME = UITextField2;
			};
			name = Release;
		};
/* End XCBuildConfiguration section */

/* Begin XCConfigurationList section */
		EFE38FD22029CEC100A03CB4 /* Build configuration list for PBXProject "UITextField2" */ = {
			isa = XCConfigurationList;
			buildConfigurations = (
				EFE38FFD2029CEC100A03CB4 /* Debug */,
				EFE38FFE2029CEC100A03CB4 /* Release */,
			);
			defaultConfigurationIsVisible = 0;
			defaultConfigurationName = Release;
		};
		EFE38FFF2029CEC100A03CB4 /* Build configuration list for PBXNativeTarget "UITextField2" */ = {
			isa = XCConfigurationList;
			buildConfigurations = (
				EFE390002029CEC100A03CB4 /* Debug */,
				EFE390012029CEC100A03CB4 /* Release */,
			);
			defaultConfigurationIsVisible = 0;
			defaultConfigurationName = Release;
		};
		EFE390022029CEC100A03CB4 /* Build configuration list for PBXNativeTarget "UITextField2Tests" */ = {
			isa = XCConfigurationList;
			buildConfigurations = (
				EFE390032029CEC100A03CB4 /* Debug */,
				EFE390042029CEC100A03CB4 /* Release */,
			);
			defaultConfigurationIsVisible = 0;
			defaultConfigurationName = Release;
		};
		EFE390052029CEC100A03CB4 /* Build configuration list for PBXNativeTarget "UITextField2UITests" */ = {
			isa = XCConfigurationList;
			buildConfigurations = (
				EFE390062029CEC100A03CB4 /* Debug */,
				EFE390072029CEC100A03CB4 /* Release */,
			);
			defaultConfigurationIsVisible = 0;
			defaultConfigurationName = Release;
		};
/* End XCConfigurationList section */
	};
	rootObject = EFE38FCF2029CEC100A03CB4 /* Project object */;
}
